// !$*UTF8*$!
{
	archiveVersion = 1;
	classes = {
	};
	objectVersion = 50;
	objects = {

/* Begin PBXBuildFile section */
		6723139E22D3083F005BEFCC /* base58.cpp in Sources */ = {isa = PBXBuildFile; fileRef = 6723139B22D3083F005BEFCC /* base58.cpp */; };
		6723139F22D3083F005BEFCC /* bech32.cpp in Sources */ = {isa = PBXBuildFile; fileRef = 6723139D22D3083F005BEFCC /* bech32.cpp */; };
		672313A322D30A12005BEFCC /* cashaddr.cc in Sources */ = {isa = PBXBuildFile; fileRef = 672313A122D30A12005BEFCC /* cashaddr.cc */; };
		672C95FB22DF40BA0073AB0D /* JUB_SDK_BTC.cpp in Sources */ = {isa = PBXBuildFile; fileRef = 672C95F922DF40BA0073AB0D /* JUB_SDK_BTC.cpp */; };
		672C960422DF430A0073AB0D /* JUB_SDK_ETH.cpp in Sources */ = {isa = PBXBuildFile; fileRef = 672C960322DF430A0073AB0D /* JUB_SDK_ETH.cpp */; };
		672C960B22DF44800073AB0D /* JUB_SDK_DEV_HID.cpp in Sources */ = {isa = PBXBuildFile; fileRef = 672C960922DF44800073AB0D /* JUB_SDK_DEV_HID.cpp */; };
		672C960E22DF45300073AB0D /* JUB_SDK_DEV.cpp in Sources */ = {isa = PBXBuildFile; fileRef = 672C960C22DF45300073AB0D /* JUB_SDK_DEV.cpp */; };
		672C961222DF46A70073AB0D /* JUB_SDK_DEV_BLE.cpp in Sources */ = {isa = PBXBuildFile; fileRef = 672C961022DF46A70073AB0D /* JUB_SDK_DEV_BLE.cpp */; };
		678C1BF822E03DA700D9A4CD /* JUB_SDK_COMM.cpp in Sources */ = {isa = PBXBuildFile; fileRef = 678C1BF722E03DA600D9A4CD /* JUB_SDK_COMM.cpp */; };
		67B48148231F8D5D000C6DFB /* libBTC.cpp in Sources */ = {isa = PBXBuildFile; fileRef = 67B48147231F8D5C000C6DFB /* libBTC.cpp */; };
		67B4814B231F8D76000C6DFB /* libBCH.cpp in Sources */ = {isa = PBXBuildFile; fileRef = 67B4814A231F8D76000C6DFB /* libBCH.cpp */; };
		67B48198231F92B4000C6DFB /* fe.c in Sources */ = {isa = PBXBuildFile; fileRef = 67B48197231F92B3000C6DFB /* fe.c */; };
		67B4819B231F92C7000C6DFB /* ed25519_ref10.c in Sources */ = {isa = PBXBuildFile; fileRef = 67B48199231F92C7000C6DFB /* ed25519_ref10.c */; };
		67B4819C231F92C7000C6DFB /* ed25519_ref10_fe_25_5.c in Sources */ = {isa = PBXBuildFile; fileRef = 67B4819A231F92C7000C6DFB /* ed25519_ref10_fe_25_5.c */; };
		67B4819E231F92D8000C6DFB /* keypair.c in Sources */ = {isa = PBXBuildFile; fileRef = 67B4819D231F92D8000C6DFB /* keypair.c */; };
		67B481A5231F92F7000C6DFB /* sha3.c in Sources */ = {isa = PBXBuildFile; fileRef = 67B4819F231F92F6000C6DFB /* sha3.c */; };
		67B481A6231F92F7000C6DFB /* schnorr.c in Sources */ = {isa = PBXBuildFile; fileRef = 67B481A0231F92F6000C6DFB /* schnorr.c */; };
		67B481A7231F92F7000C6DFB /* scrypt.c in Sources */ = {isa = PBXBuildFile; fileRef = 67B481A1231F92F6000C6DFB /* scrypt.c */; };
		67B481A8231F92F7000C6DFB /* secp256k1.c in Sources */ = {isa = PBXBuildFile; fileRef = 67B481A2231F92F6000C6DFB /* secp256k1.c */; };
		67B481A9231F92F7000C6DFB /* sha2.c in Sources */ = {isa = PBXBuildFile; fileRef = 67B481A3231F92F7000C6DFB /* sha2.c */; };
		67B481AA231F92F7000C6DFB /* script.c in Sources */ = {isa = PBXBuildFile; fileRef = 67B481A4231F92F7000C6DFB /* script.c */; };
		67B481AD231F9315000C6DFB /* base58.c in Sources */ = {isa = PBXBuildFile; fileRef = 67B481AC231F9315000C6DFB /* base58.c */; };
		67B481B5231F9331000C6DFB /* pbkdf2.c in Sources */ = {isa = PBXBuildFile; fileRef = 67B481AE231F9331000C6DFB /* pbkdf2.c */; };
		67B481B6231F9331000C6DFB /* rand.c in Sources */ = {isa = PBXBuildFile; fileRef = 67B481AF231F9331000C6DFB /* rand.c */; };
		67B481B7231F9331000C6DFB /* nist256p1.c in Sources */ = {isa = PBXBuildFile; fileRef = 67B481B1231F9331000C6DFB /* nist256p1.c */; };
		67B481B8231F9331000C6DFB /* nem.c in Sources */ = {isa = PBXBuildFile; fileRef = 67B481B2231F9331000C6DFB /* nem.c */; };
		67B481B9231F9331000C6DFB /* rc4.c in Sources */ = {isa = PBXBuildFile; fileRef = 67B481B3231F9331000C6DFB /* rc4.c */; };
		67B481BA231F9331000C6DFB /* nano.c in Sources */ = {isa = PBXBuildFile; fileRef = 67B481B4231F9331000C6DFB /* nano.c */; };
		67B481CA231F9366000C6DFB /* hasher.c in Sources */ = {isa = PBXBuildFile; fileRef = 67B481C6231F9365000C6DFB /* hasher.c */; };
		67B481CB231F9366000C6DFB /* groestl.c in Sources */ = {isa = PBXBuildFile; fileRef = 67B481C7231F9365000C6DFB /* groestl.c */; };
		67B481CC231F9366000C6DFB /* memzero.c in Sources */ = {isa = PBXBuildFile; fileRef = 67B481C8231F9365000C6DFB /* memzero.c */; };
		67B481CD231F9366000C6DFB /* hmac.c in Sources */ = {isa = PBXBuildFile; fileRef = 67B481C9231F9365000C6DFB /* hmac.c */; };
		67B481DF231F9381000C6DFB /* ed25519.c in Sources */ = {isa = PBXBuildFile; fileRef = 67B481D0231F9380000C6DFB /* ed25519.c */; };
		67B481E0231F9381000C6DFB /* ed25519-donna-impl-base.c in Sources */ = {isa = PBXBuildFile; fileRef = 67B481D2231F9380000C6DFB /* ed25519-donna-impl-base.c */; };
		67B481E1231F9381000C6DFB /* ed25519-donna-32bit-tables.c in Sources */ = {isa = PBXBuildFile; fileRef = 67B481D3231F9380000C6DFB /* ed25519-donna-32bit-tables.c */; };
		67B481E2231F9381000C6DFB /* ed25519-donna-basepoint-table.c in Sources */ = {isa = PBXBuildFile; fileRef = 67B481D5231F9380000C6DFB /* ed25519-donna-basepoint-table.c */; };
		67B481E3231F9381000C6DFB /* ed25519-keccak.c in Sources */ = {isa = PBXBuildFile; fileRef = 67B481D6231F9380000C6DFB /* ed25519-keccak.c */; };
		67B481E4231F9381000C6DFB /* curve25519-donna-32bit.c in Sources */ = {isa = PBXBuildFile; fileRef = 67B481D7231F9380000C6DFB /* curve25519-donna-32bit.c */; };
		67B481E5231F9381000C6DFB /* ed25519-blake2b.c in Sources */ = {isa = PBXBuildFile; fileRef = 67B481D8231F9380000C6DFB /* ed25519-blake2b.c */; };
		67B481E6231F9381000C6DFB /* modm-donna-32bit.c in Sources */ = {isa = PBXBuildFile; fileRef = 67B481D9231F9380000C6DFB /* modm-donna-32bit.c */; };
		67B481E7231F9381000C6DFB /* curve25519-donna-scalarmult-base.c in Sources */ = {isa = PBXBuildFile; fileRef = 67B481DB231F9380000C6DFB /* curve25519-donna-scalarmult-base.c */; };
		67B481E8231F9381000C6DFB /* curve25519-donna-helpers.c in Sources */ = {isa = PBXBuildFile; fileRef = 67B481DC231F9380000C6DFB /* curve25519-donna-helpers.c */; };
		67B481E9231F9381000C6DFB /* ed25519-sha3.c in Sources */ = {isa = PBXBuildFile; fileRef = 67B481DD231F9381000C6DFB /* ed25519-sha3.c */; };
		67B481ED231F93A1000C6DFB /* curves.c in Sources */ = {isa = PBXBuildFile; fileRef = 67B481EA231F93A0000C6DFB /* curves.c */; };
		67B481EE231F93A1000C6DFB /* ecdsa.c in Sources */ = {isa = PBXBuildFile; fileRef = 67B481EC231F93A0000C6DFB /* ecdsa.c */; };
		67B481F8231F93BC000C6DFB /* poly1305-donna.c in Sources */ = {isa = PBXBuildFile; fileRef = 67B481F1231F93BC000C6DFB /* poly1305-donna.c */; };
		67B481F9231F93BC000C6DFB /* rfc7539.c in Sources */ = {isa = PBXBuildFile; fileRef = 67B481F2231F93BC000C6DFB /* rfc7539.c */; };
		67B481FA231F93BC000C6DFB /* chacha_merged.c in Sources */ = {isa = PBXBuildFile; fileRef = 67B481F5231F93BC000C6DFB /* chacha_merged.c */; };
		67B481FB231F93BC000C6DFB /* chacha20poly1305.c in Sources */ = {isa = PBXBuildFile; fileRef = 67B481F7231F93BC000C6DFB /* chacha20poly1305.c */; };
		67B48207231F93D3000C6DFB /* bip39.c in Sources */ = {isa = PBXBuildFile; fileRef = 67B481FC231F93D2000C6DFB /* bip39.c */; };
		67B48208231F93D3000C6DFB /* base32.c in Sources */ = {isa = PBXBuildFile; fileRef = 67B481FD231F93D2000C6DFB /* base32.c */; };
		67B48209231F93D3000C6DFB /* base58.c in Sources */ = {isa = PBXBuildFile; fileRef = 67B481FE231F93D2000C6DFB /* base58.c */; };
		67B4820A231F93D3000C6DFB /* blake2b.c in Sources */ = {isa = PBXBuildFile; fileRef = 67B48200231F93D3000C6DFB /* blake2b.c */; };
		67B4820B231F93D3000C6DFB /* blake2s.c in Sources */ = {isa = PBXBuildFile; fileRef = 67B48201231F93D3000C6DFB /* blake2s.c */; };
		67B4820C231F93D3000C6DFB /* blake256.c in Sources */ = {isa = PBXBuildFile; fileRef = 67B48203231F93D3000C6DFB /* blake256.c */; };
		67B4820D231F93D3000C6DFB /* cash_addr.c in Sources */ = {isa = PBXBuildFile; fileRef = 67B48204231F93D3000C6DFB /* cash_addr.c */; };
		67B4820E231F93D3000C6DFB /* bignum.c in Sources */ = {isa = PBXBuildFile; fileRef = 67B48205231F93D3000C6DFB /* bignum.c */; };
		67B4820F231F93D3000C6DFB /* bip32.c in Sources */ = {isa = PBXBuildFile; fileRef = 67B48206231F93D3000C6DFB /* bip32.c */; };
		67B48217231F93ED000C6DFB /* aes_modes.c in Sources */ = {isa = PBXBuildFile; fileRef = 67B48213231F93ED000C6DFB /* aes_modes.c */; };
		67B48218231F93ED000C6DFB /* aescrypt.c in Sources */ = {isa = PBXBuildFile; fileRef = 67B48214231F93ED000C6DFB /* aescrypt.c */; };
		67B48219231F93ED000C6DFB /* aestab.c in Sources */ = {isa = PBXBuildFile; fileRef = 67B48215231F93ED000C6DFB /* aestab.c */; };
		67B4821A231F93ED000C6DFB /* aeskey.c in Sources */ = {isa = PBXBuildFile; fileRef = 67B48216231F93ED000C6DFB /* aeskey.c */; };
		67B4821C231F9400000C6DFB /* address.c in Sources */ = {isa = PBXBuildFile; fileRef = 67B4821B231F9400000C6DFB /* address.c */; };
		67B4821F231F94C1000C6DFB /* segwit_addr.cpp in Sources */ = {isa = PBXBuildFile; fileRef = 67B4821E231F94C1000C6DFB /* segwit_addr.cpp */; };
		67B9563622DC707600E90AF9 /* Data.cpp in Sources */ = {isa = PBXBuildFile; fileRef = 67B9563522DC707600E90AF9 /* Data.cpp */; };
		67C4B5AC22CEFB6A00F85860 /* BigInteger.cc in Sources */ = {isa = PBXBuildFile; fileRef = 67C4B5A322CEFB6A00F85860 /* BigInteger.cc */; };
		67C4B5AD22CEFB6A00F85860 /* BigUnsigned.cc in Sources */ = {isa = PBXBuildFile; fileRef = 67C4B5A422CEFB6A00F85860 /* BigUnsigned.cc */; };
		67C4B5AE22CEFB6A00F85860 /* BigIntegerAlgorithms.cc in Sources */ = {isa = PBXBuildFile; fileRef = 67C4B5A622CEFB6A00F85860 /* BigIntegerAlgorithms.cc */; };
		67C4B5AF22CEFB6A00F85860 /* BigIntegerUtils.cc in Sources */ = {isa = PBXBuildFile; fileRef = 67C4B5A822CEFB6A00F85860 /* BigIntegerUtils.cc */; };
		67C4B5B022CEFB6A00F85860 /* BigUnsignedInABase.cc in Sources */ = {isa = PBXBuildFile; fileRef = 67C4B5AA22CEFB6A00F85860 /* BigUnsignedInABase.cc */; };
		EADCCDB822A7C21C008F2EF5 /* bleTransmit.cpp in Sources */ = {isa = PBXBuildFile; fileRef = EADCCDB522A7C21B008F2EF5 /* bleTransmit.cpp */; };
		EADCCDD022A7C25D008F2EF5 /* md4.c in Sources */ = {isa = PBXBuildFile; fileRef = EADCCDBD22A7C25D008F2EF5 /* md4.c */; };
		EADCCDD122A7C25D008F2EF5 /* sha1.c in Sources */ = {isa = PBXBuildFile; fileRef = EADCCDC122A7C25D008F2EF5 /* sha1.c */; };
		EADCCDD222A7C25D008F2EF5 /* platform.c in Sources */ = {isa = PBXBuildFile; fileRef = EADCCDC322A7C25D008F2EF5 /* platform.c */; };
		EADCCDD322A7C25D008F2EF5 /* ripemd160.c in Sources */ = {isa = PBXBuildFile; fileRef = EADCCDC622A7C25D008F2EF5 /* ripemd160.c */; };
		EADCCDD422A7C25D008F2EF5 /* md2.c in Sources */ = {isa = PBXBuildFile; fileRef = EADCCDC822A7C25D008F2EF5 /* md2.c */; };
		EADCCDD522A7C25D008F2EF5 /* md_wrap.c in Sources */ = {isa = PBXBuildFile; fileRef = EADCCDC922A7C25D008F2EF5 /* md_wrap.c */; };
		EADCCDD622A7C25D008F2EF5 /* sha256.c in Sources */ = {isa = PBXBuildFile; fileRef = EADCCDCB22A7C25D008F2EF5 /* sha256.c */; };
		EADCCDD722A7C25D008F2EF5 /* md5.c in Sources */ = {isa = PBXBuildFile; fileRef = EADCCDCC22A7C25D008F2EF5 /* md5.c */; };
		EADCCDD822A7C25D008F2EF5 /* sha512.c in Sources */ = {isa = PBXBuildFile; fileRef = EADCCDCD22A7C25D008F2EF5 /* sha512.c */; };
		EADCCDD922A7C25D008F2EF5 /* md.c in Sources */ = {isa = PBXBuildFile; fileRef = EADCCDCE22A7C25D008F2EF5 /* md.c */; };
		EADCCE1B22A7D6BA008F2EF5 /* JubiterBLDImplETH.cpp in Sources */ = {isa = PBXBuildFile; fileRef = EADCCE0522A7D6BA008F2EF5 /* JubiterBLDImplETH.cpp */; };
		EADCCE1C22A7D6BA008F2EF5 /* JubiterBLDImpl.cpp in Sources */ = {isa = PBXBuildFile; fileRef = EADCCE0622A7D6BA008F2EF5 /* JubiterBLDImpl.cpp */; };
		EADCCE1D22A7D6BA008F2EF5 /* JubiterBLDImplBTC.cpp in Sources */ = {isa = PBXBuildFile; fileRef = EADCCE0722A7D6BA008F2EF5 /* JubiterBLDImplBTC.cpp */; };
		EADCCE1E22A7D6BA008F2EF5 /* Context.cpp in Sources */ = {isa = PBXBuildFile; fileRef = EADCCE0A22A7D6BA008F2EF5 /* Context.cpp */; };
		EADCCE1F22A7D6BA008F2EF5 /* ContextBTC.cpp in Sources */ = {isa = PBXBuildFile; fileRef = EADCCE0B22A7D6BA008F2EF5 /* ContextBTC.cpp */; };
		EADCCE2022A7D6BA008F2EF5 /* ContextETH.cpp in Sources */ = {isa = PBXBuildFile; fileRef = EADCCE0C22A7D6BA008F2EF5 /* ContextETH.cpp */; };
		EADCCE2322A7D6BA008F2EF5 /* ERC20Abi.cpp in Sources */ = {isa = PBXBuildFile; fileRef = EADCCE1122A7D6BA008F2EF5 /* ERC20Abi.cpp */; };
		EADCCE2522A7D6BA008F2EF5 /* JubiterHidDevice.cpp in Sources */ = {isa = PBXBuildFile; fileRef = EADCCE1422A7D6BA008F2EF5 /* JubiterHidDevice.cpp */; };
		EADCCE2622A7D6BA008F2EF5 /* JubiterBLEDevice.cpp in Sources */ = {isa = PBXBuildFile; fileRef = EADCCE1522A7D6BA008F2EF5 /* JubiterBLEDevice.cpp */; };
		EADCCE2722A7D6BA008F2EF5 /* ApduBuilder.cpp in Sources */ = {isa = PBXBuildFile; fileRef = EADCCE1722A7D6BA008F2EF5 /* ApduBuilder.cpp */; };
		EADCCE2822A7D6BA008F2EF5 /* Fido.cpp in Sources */ = {isa = PBXBuildFile; fileRef = EADCCE1822A7D6BA008F2EF5 /* Fido.cpp */; };
		EADCCE2922A7D6BA008F2EF5 /* util.cpp in Sources */ = {isa = PBXBuildFile; fileRef = EADCCE1A22A7D6BA008F2EF5 /* util.cpp */; };
/* End PBXBuildFile section */

/* Begin PBXCopyFilesBuildPhase section */
		EADCCD7122A7B380008F2EF5 /* CopyFiles */ = {
			isa = PBXCopyFilesBuildPhase;
			buildActionMask = 2147483647;
			dstPath = "include/$(PRODUCT_NAME)";
			dstSubfolderSpec = 16;
			files = (
			);
			runOnlyForDeploymentPostprocessing = 0;
		};
/* End PBXCopyFilesBuildPhase section */

/* Begin PBXFileReference section */
		6723139922D3083F005BEFCC /* bech32.h */ = {isa = PBXFileReference; fileEncoding = 4; lastKnownFileType = sourcecode.c.h; name = bech32.h; path = ../../../../../deps/bitcoin/bech32.h; sourceTree = "<group>"; };
		6723139A22D3083F005BEFCC /* hash.h */ = {isa = PBXFileReference; fileEncoding = 4; lastKnownFileType = sourcecode.c.h; name = hash.h; path = ../../../../../deps/bitcoin/hash.h; sourceTree = "<group>"; };
		6723139B22D3083F005BEFCC /* base58.cpp */ = {isa = PBXFileReference; fileEncoding = 4; lastKnownFileType = sourcecode.cpp.cpp; name = base58.cpp; path = ../../../../../deps/bitcoin/base58.cpp; sourceTree = "<group>"; };
		6723139C22D3083F005BEFCC /* base58.h */ = {isa = PBXFileReference; fileEncoding = 4; lastKnownFileType = sourcecode.c.h; name = base58.h; path = ../../../../../deps/bitcoin/base58.h; sourceTree = "<group>"; };
		6723139D22D3083F005BEFCC /* bech32.cpp */ = {isa = PBXFileReference; fileEncoding = 4; lastKnownFileType = sourcecode.cpp.cpp; name = bech32.cpp; path = ../../../../../deps/bitcoin/bech32.cpp; sourceTree = "<group>"; };
		672313A122D30A12005BEFCC /* cashaddr.cc */ = {isa = PBXFileReference; fileEncoding = 4; lastKnownFileType = sourcecode.cpp.cpp; name = cashaddr.cc; path = ../../../../../deps/bitcoinABC/cashaddr.cc; sourceTree = "<group>"; };
		672313A222D30A12005BEFCC /* cashaddr.h */ = {isa = PBXFileReference; fileEncoding = 4; lastKnownFileType = sourcecode.c.h; name = cashaddr.h; path = ../../../../../deps/bitcoinABC/cashaddr.h; sourceTree = "<group>"; };
		672313A522D30BCA005BEFCC /* byteswap.h */ = {isa = PBXFileReference; fileEncoding = 4; lastKnownFileType = sourcecode.c.h; name = byteswap.h; path = ../../../../../deps/bitcoin/compat/byteswap.h; sourceTree = "<group>"; };
		672313A822D3406D005BEFCC /* util.h */ = {isa = PBXFileReference; fileEncoding = 4; lastKnownFileType = sourcecode.c.h; path = util.h; sourceTree = "<group>"; };
		672452C422E08E58000CC64D /* portable_endian.h */ = {isa = PBXFileReference; fileEncoding = 4; lastKnownFileType = sourcecode.c.h; name = portable_endian.h; path = ../../../../../deps/panzi/portable_endian.h; sourceTree = "<group>"; };
		672C95F922DF40BA0073AB0D /* JUB_SDK_BTC.cpp */ = {isa = PBXFileReference; lastKnownFileType = sourcecode.cpp.cpp; path = JUB_SDK_BTC.cpp; sourceTree = "<group>"; };
		672C95FC22DF41050073AB0D /* JUB_SDK_BTC.h */ = {isa = PBXFileReference; fileEncoding = 4; lastKnownFileType = sourcecode.c.h; path = JUB_SDK_BTC.h; sourceTree = "<group>"; };
		672C960222DF42F80073AB0D /* JUB_SDK_ETH.h */ = {isa = PBXFileReference; fileEncoding = 4; lastKnownFileType = sourcecode.c.h; path = JUB_SDK_ETH.h; sourceTree = "<group>"; };
		672C960322DF430A0073AB0D /* JUB_SDK_ETH.cpp */ = {isa = PBXFileReference; fileEncoding = 4; lastKnownFileType = sourcecode.cpp.cpp; path = JUB_SDK_ETH.cpp; sourceTree = "<group>"; };
		672C960922DF44800073AB0D /* JUB_SDK_DEV_HID.cpp */ = {isa = PBXFileReference; lastKnownFileType = sourcecode.cpp.cpp; path = JUB_SDK_DEV_HID.cpp; sourceTree = "<group>"; };
		672C960C22DF45300073AB0D /* JUB_SDK_DEV.cpp */ = {isa = PBXFileReference; lastKnownFileType = sourcecode.cpp.cpp; path = JUB_SDK_DEV.cpp; sourceTree = "<group>"; };
		672C960F22DF45660073AB0D /* JUB_SDK_DEV.h */ = {isa = PBXFileReference; fileEncoding = 4; lastKnownFileType = sourcecode.c.h; path = JUB_SDK_DEV.h; sourceTree = "<group>"; };
		672C961022DF46A70073AB0D /* JUB_SDK_DEV_BLE.cpp */ = {isa = PBXFileReference; lastKnownFileType = sourcecode.cpp.cpp; path = JUB_SDK_DEV_BLE.cpp; sourceTree = "<group>"; };
		672C961322DF47690073AB0D /* JUB_SDK_DEV_BLE.h */ = {isa = PBXFileReference; fileEncoding = 4; lastKnownFileType = sourcecode.c.h; path = JUB_SDK_DEV_BLE.h; sourceTree = "<group>"; };
		672C961422DF47730073AB0D /* JUB_SDK_DEV_HID.h */ = {isa = PBXFileReference; fileEncoding = 4; lastKnownFileType = sourcecode.c.h; path = JUB_SDK_DEV_HID.h; sourceTree = "<group>"; };
		6737F3A422CF57EB0019DF07 /* opcode.hpp */ = {isa = PBXFileReference; fileEncoding = 4; lastKnownFileType = sourcecode.cpp.h; name = opcode.hpp; path = ../../../../../deps/libbitcoin/machine/opcode.hpp; sourceTree = "<group>"; };
		678C1BF622E03D6100D9A4CD /* JUB_SDK_COMM.h */ = {isa = PBXFileReference; fileEncoding = 4; lastKnownFileType = sourcecode.c.h; path = JUB_SDK_COMM.h; sourceTree = "<group>"; };
		678C1BF722E03DA600D9A4CD /* JUB_SDK_COMM.cpp */ = {isa = PBXFileReference; fileEncoding = 4; lastKnownFileType = sourcecode.cpp.cpp; path = JUB_SDK_COMM.cpp; sourceTree = "<group>"; };
		67B48147231F8D5C000C6DFB /* libBTC.cpp */ = {isa = PBXFileReference; fileEncoding = 4; lastKnownFileType = sourcecode.cpp.cpp; name = libBTC.cpp; path = libBTC/libBTC.cpp; sourceTree = "<group>"; };
		67B4814A231F8D76000C6DFB /* libBCH.cpp */ = {isa = PBXFileReference; fileEncoding = 4; lastKnownFileType = sourcecode.cpp.cpp; name = libBCH.cpp; path = libBCH/libBCH.cpp; sourceTree = "<group>"; };
		67B4814F231F8FC8000C6DFB /* TrezorCrypto.h */ = {isa = PBXFileReference; fileEncoding = 4; lastKnownFileType = sourcecode.c.h; name = TrezorCrypto.h; path = "../../../../../deps/trezor-crypto/include/TrezorCrypto/TrezorCrypto.h"; sourceTree = "<group>"; };
		67B48152231F900F000C6DFB /* keypair.h */ = {isa = PBXFileReference; fileEncoding = 4; lastKnownFileType = sourcecode.c.h; name = keypair.h; path = "../../../../../deps/trezor-crypto/include/TrezorCrypto/sodium/keypair.h"; sourceTree = "<group>"; };
		67B48154231F9036000C6DFB /* ed25519_ref10_fe_25_5.h */ = {isa = PBXFileReference; fileEncoding = 4; lastKnownFileType = sourcecode.c.h; name = ed25519_ref10_fe_25_5.h; path = "../../../../../deps/trezor-crypto/include/TrezorCrypto/sodium/private/ed25519_ref10_fe_25_5.h"; sourceTree = "<group>"; };
		67B48155231F9036000C6DFB /* ed25519_ref10.h */ = {isa = PBXFileReference; fileEncoding = 4; lastKnownFileType = sourcecode.c.h; name = ed25519_ref10.h; path = "../../../../../deps/trezor-crypto/include/TrezorCrypto/sodium/private/ed25519_ref10.h"; sourceTree = "<group>"; };
		67B48157231F9058000C6DFB /* constants.h */ = {isa = PBXFileReference; fileEncoding = 4; lastKnownFileType = sourcecode.c.h; name = constants.h; path = "../../../../../deps/trezor-crypto/include/TrezorCrypto/sodium/private/fe_25_5/constants.h"; sourceTree = "<group>"; };
		67B48158231F9058000C6DFB /* fe.h */ = {isa = PBXFileReference; fileEncoding = 4; lastKnownFileType = sourcecode.c.h; name = fe.h; path = "../../../../../deps/trezor-crypto/include/TrezorCrypto/sodium/private/fe_25_5/fe.h"; sourceTree = "<group>"; };
		67B48159231F9073000C6DFB /* schnorr.h */ = {isa = PBXFileReference; fileEncoding = 4; lastKnownFileType = sourcecode.c.h; name = schnorr.h; path = "../../../../../deps/trezor-crypto/include/TrezorCrypto/schnorr.h"; sourceTree = "<group>"; };
		67B4815A231F9073000C6DFB /* script.h */ = {isa = PBXFileReference; fileEncoding = 4; lastKnownFileType = sourcecode.c.h; name = script.h; path = "../../../../../deps/trezor-crypto/include/TrezorCrypto/script.h"; sourceTree = "<group>"; };
		67B4815B231F9073000C6DFB /* sha2.h */ = {isa = PBXFileReference; fileEncoding = 4; lastKnownFileType = sourcecode.c.h; name = sha2.h; path = "../../../../../deps/trezor-crypto/include/TrezorCrypto/sha2.h"; sourceTree = "<group>"; };
		67B4815C231F9073000C6DFB /* secp256k1.h */ = {isa = PBXFileReference; fileEncoding = 4; lastKnownFileType = sourcecode.c.h; name = secp256k1.h; path = "../../../../../deps/trezor-crypto/include/TrezorCrypto/secp256k1.h"; sourceTree = "<group>"; };
		67B4815D231F9073000C6DFB /* sha3.h */ = {isa = PBXFileReference; fileEncoding = 4; lastKnownFileType = sourcecode.c.h; name = sha3.h; path = "../../../../../deps/trezor-crypto/include/TrezorCrypto/sha3.h"; sourceTree = "<group>"; };
		67B4815E231F9073000C6DFB /* scrypt.h */ = {isa = PBXFileReference; fileEncoding = 4; lastKnownFileType = sourcecode.c.h; name = scrypt.h; path = "../../../../../deps/trezor-crypto/include/TrezorCrypto/scrypt.h"; sourceTree = "<group>"; };
		67B4815F231F908D000C6DFB /* base58.h */ = {isa = PBXFileReference; fileEncoding = 4; lastKnownFileType = sourcecode.c.h; name = base58.h; path = "../../../../../deps/trezor-crypto/include/TrezorCrypto/ripple/base58.h"; sourceTree = "<group>"; };
		67B48161231F90A2000C6DFB /* rc4.h */ = {isa = PBXFileReference; fileEncoding = 4; lastKnownFileType = sourcecode.c.h; name = rc4.h; path = "../../../../../deps/trezor-crypto/include/TrezorCrypto/rc4.h"; sourceTree = "<group>"; };
		67B48162231F90A2000C6DFB /* rfc6979.h */ = {isa = PBXFileReference; fileEncoding = 4; lastKnownFileType = sourcecode.c.h; name = rfc6979.h; path = "../../../../../deps/trezor-crypto/include/TrezorCrypto/rfc6979.h"; sourceTree = "<group>"; };
		67B48163231F90A2000C6DFB /* pbkdf2.h */ = {isa = PBXFileReference; fileEncoding = 4; lastKnownFileType = sourcecode.c.h; name = pbkdf2.h; path = "../../../../../deps/trezor-crypto/include/TrezorCrypto/pbkdf2.h"; sourceTree = "<group>"; };
		67B48164231F90A2000C6DFB /* rand.h */ = {isa = PBXFileReference; fileEncoding = 4; lastKnownFileType = sourcecode.c.h; name = rand.h; path = "../../../../../deps/trezor-crypto/include/TrezorCrypto/rand.h"; sourceTree = "<group>"; };
		67B48165231F90A2000C6DFB /* nist256p1.h */ = {isa = PBXFileReference; fileEncoding = 4; lastKnownFileType = sourcecode.c.h; name = nist256p1.h; path = "../../../../../deps/trezor-crypto/include/TrezorCrypto/nist256p1.h"; sourceTree = "<group>"; };
		67B48166231F90A2000C6DFB /* nem.h */ = {isa = PBXFileReference; fileEncoding = 4; lastKnownFileType = sourcecode.c.h; name = nem.h; path = "../../../../../deps/trezor-crypto/include/TrezorCrypto/nem.h"; sourceTree = "<group>"; };
		67B48167231F90A2000C6DFB /* nano.h */ = {isa = PBXFileReference; fileEncoding = 4; lastKnownFileType = sourcecode.c.h; name = nano.h; path = "../../../../../deps/trezor-crypto/include/TrezorCrypto/nano.h"; sourceTree = "<group>"; };
		67B4816E231F91F0000C6DFB /* hasher.h */ = {isa = PBXFileReference; fileEncoding = 4; lastKnownFileType = sourcecode.c.h; name = hasher.h; path = "../../../../../deps/trezor-crypto/include/TrezorCrypto/hasher.h"; sourceTree = "<group>"; };
		67B4816F231F91F0000C6DFB /* endian.h */ = {isa = PBXFileReference; fileEncoding = 4; lastKnownFileType = sourcecode.c.h; name = endian.h; path = "../../../../../deps/trezor-crypto/include/TrezorCrypto/endian.h"; sourceTree = "<group>"; };
		67B48170231F91F0000C6DFB /* ed25519.h */ = {isa = PBXFileReference; fileEncoding = 4; lastKnownFileType = sourcecode.c.h; name = ed25519.h; path = "../../../../../deps/trezor-crypto/include/TrezorCrypto/ed25519.h"; sourceTree = "<group>"; };
		67B48171231F91F0000C6DFB /* groestl.h */ = {isa = PBXFileReference; fileEncoding = 4; lastKnownFileType = sourcecode.c.h; name = groestl.h; path = "../../../../../deps/trezor-crypto/include/TrezorCrypto/groestl.h"; sourceTree = "<group>"; };
		67B48172231F91F0000C6DFB /* memzero.h */ = {isa = PBXFileReference; fileEncoding = 4; lastKnownFileType = sourcecode.c.h; name = memzero.h; path = "../../../../../deps/trezor-crypto/include/TrezorCrypto/memzero.h"; sourceTree = "<group>"; };
		67B48173231F91F0000C6DFB /* ed25519-donna.h */ = {isa = PBXFileReference; fileEncoding = 4; lastKnownFileType = sourcecode.c.h; name = "ed25519-donna.h"; path = "../../../../../deps/trezor-crypto/include/TrezorCrypto/ed25519-donna.h"; sourceTree = "<group>"; };
		67B48174231F91F0000C6DFB /* hmac.h */ = {isa = PBXFileReference; fileEncoding = 4; lastKnownFileType = sourcecode.c.h; name = hmac.h; path = "../../../../../deps/trezor-crypto/include/TrezorCrypto/hmac.h"; sourceTree = "<group>"; };
		67B48176231F921D000C6DFB /* ed25519-blake2b.h */ = {isa = PBXFileReference; fileEncoding = 4; lastKnownFileType = sourcecode.c.h; name = "ed25519-blake2b.h"; path = "../../../../../deps/trezor-crypto/include/TrezorCrypto/ed25519-donna/ed25519-blake2b.h"; sourceTree = "<group>"; };
		67B48177231F921D000C6DFB /* ed25519-sha3.h */ = {isa = PBXFileReference; fileEncoding = 4; lastKnownFileType = sourcecode.c.h; name = "ed25519-sha3.h"; path = "../../../../../deps/trezor-crypto/include/TrezorCrypto/ed25519-donna/ed25519-sha3.h"; sourceTree = "<group>"; };
		67B48178231F921D000C6DFB /* ed25519-donna-portable.h */ = {isa = PBXFileReference; fileEncoding = 4; lastKnownFileType = sourcecode.c.h; name = "ed25519-donna-portable.h"; path = "../../../../../deps/trezor-crypto/include/TrezorCrypto/ed25519-donna/ed25519-donna-portable.h"; sourceTree = "<group>"; };
		67B48179231F921D000C6DFB /* curve25519-donna-32bit.h */ = {isa = PBXFileReference; fileEncoding = 4; lastKnownFileType = sourcecode.c.h; name = "curve25519-donna-32bit.h"; path = "../../../../../deps/trezor-crypto/include/TrezorCrypto/ed25519-donna/curve25519-donna-32bit.h"; sourceTree = "<group>"; };
		67B4817A231F921D000C6DFB /* ed25519-donna-32bit-tables.h */ = {isa = PBXFileReference; fileEncoding = 4; lastKnownFileType = sourcecode.c.h; name = "ed25519-donna-32bit-tables.h"; path = "../../../../../deps/trezor-crypto/include/TrezorCrypto/ed25519-donna/ed25519-donna-32bit-tables.h"; sourceTree = "<group>"; };
		67B4817B231F921D000C6DFB /* ed25519-donna-impl-base.h */ = {isa = PBXFileReference; fileEncoding = 4; lastKnownFileType = sourcecode.c.h; name = "ed25519-donna-impl-base.h"; path = "../../../../../deps/trezor-crypto/include/TrezorCrypto/ed25519-donna/ed25519-donna-impl-base.h"; sourceTree = "<group>"; };
		67B4817C231F921D000C6DFB /* curve25519-donna-helpers.h */ = {isa = PBXFileReference; fileEncoding = 4; lastKnownFileType = sourcecode.c.h; name = "curve25519-donna-helpers.h"; path = "../../../../../deps/trezor-crypto/include/TrezorCrypto/ed25519-donna/curve25519-donna-helpers.h"; sourceTree = "<group>"; };
		67B4817D231F921D000C6DFB /* ed25519-donna-basepoint-table.h */ = {isa = PBXFileReference; fileEncoding = 4; lastKnownFileType = sourcecode.c.h; name = "ed25519-donna-basepoint-table.h"; path = "../../../../../deps/trezor-crypto/include/TrezorCrypto/ed25519-donna/ed25519-donna-basepoint-table.h"; sourceTree = "<group>"; };
		67B4817E231F921D000C6DFB /* ed25519-keccak.h */ = {isa = PBXFileReference; fileEncoding = 4; lastKnownFileType = sourcecode.c.h; name = "ed25519-keccak.h"; path = "../../../../../deps/trezor-crypto/include/TrezorCrypto/ed25519-donna/ed25519-keccak.h"; sourceTree = "<group>"; };
		67B4817F231F921E000C6DFB /* modm-donna-32bit.h */ = {isa = PBXFileReference; fileEncoding = 4; lastKnownFileType = sourcecode.c.h; name = "modm-donna-32bit.h"; path = "../../../../../deps/trezor-crypto/include/TrezorCrypto/ed25519-donna/modm-donna-32bit.h"; sourceTree = "<group>"; };
		67B48180231F922D000C6DFB /* curves.h */ = {isa = PBXFileReference; fileEncoding = 4; lastKnownFileType = sourcecode.c.h; name = curves.h; path = "../../../../../deps/trezor-crypto/include/TrezorCrypto/curves.h"; sourceTree = "<group>"; };
		67B48181231F922D000C6DFB /* chacha20poly1305.h */ = {isa = PBXFileReference; fileEncoding = 4; lastKnownFileType = sourcecode.c.h; name = chacha20poly1305.h; path = "../../../../../deps/trezor-crypto/include/TrezorCrypto/chacha20poly1305.h"; sourceTree = "<group>"; };
		67B48182231F922D000C6DFB /* ecdsa.h */ = {isa = PBXFileReference; fileEncoding = 4; lastKnownFileType = sourcecode.c.h; name = ecdsa.h; path = "../../../../../deps/trezor-crypto/include/TrezorCrypto/ecdsa.h"; sourceTree = "<group>"; };
		67B48184231F9248000C6DFB /* poly1305-donna.h */ = {isa = PBXFileReference; fileEncoding = 4; lastKnownFileType = sourcecode.c.h; name = "poly1305-donna.h"; path = "../../../../../deps/trezor-crypto/include/TrezorCrypto/chacha20poly1305/poly1305-donna.h"; sourceTree = "<group>"; };
		67B48185231F9248000C6DFB /* ecrypt-sync.h */ = {isa = PBXFileReference; fileEncoding = 4; lastKnownFileType = sourcecode.c.h; name = "ecrypt-sync.h"; path = "../../../../../deps/trezor-crypto/include/TrezorCrypto/chacha20poly1305/ecrypt-sync.h"; sourceTree = "<group>"; };
		67B48186231F9248000C6DFB /* ecrypt-config.h */ = {isa = PBXFileReference; fileEncoding = 4; lastKnownFileType = sourcecode.c.h; name = "ecrypt-config.h"; path = "../../../../../deps/trezor-crypto/include/TrezorCrypto/chacha20poly1305/ecrypt-config.h"; sourceTree = "<group>"; };
		67B48187231F9248000C6DFB /* ecrypt-types.h */ = {isa = PBXFileReference; fileEncoding = 4; lastKnownFileType = sourcecode.c.h; name = "ecrypt-types.h"; path = "../../../../../deps/trezor-crypto/include/TrezorCrypto/chacha20poly1305/ecrypt-types.h"; sourceTree = "<group>"; };
		67B48188231F925B000C6DFB /* blake2b.h */ = {isa = PBXFileReference; fileEncoding = 4; lastKnownFileType = sourcecode.c.h; name = blake2b.h; path = "../../../../../deps/trezor-crypto/include/TrezorCrypto/blake2b.h"; sourceTree = "<group>"; };
		67B48189231F925B000C6DFB /* cash_addr.h */ = {isa = PBXFileReference; fileEncoding = 4; lastKnownFileType = sourcecode.c.h; name = cash_addr.h; path = "../../../../../deps/trezor-crypto/include/TrezorCrypto/cash_addr.h"; sourceTree = "<group>"; };
		67B4818A231F925B000C6DFB /* base32.h */ = {isa = PBXFileReference; fileEncoding = 4; lastKnownFileType = sourcecode.c.h; name = base32.h; path = "../../../../../deps/trezor-crypto/include/TrezorCrypto/base32.h"; sourceTree = "<group>"; };
		67B4818B231F925B000C6DFB /* blake256.h */ = {isa = PBXFileReference; fileEncoding = 4; lastKnownFileType = sourcecode.c.h; name = blake256.h; path = "../../../../../deps/trezor-crypto/include/TrezorCrypto/blake256.h"; sourceTree = "<group>"; };
		67B4818C231F925B000C6DFB /* bignum.h */ = {isa = PBXFileReference; fileEncoding = 4; lastKnownFileType = sourcecode.c.h; name = bignum.h; path = "../../../../../deps/trezor-crypto/include/TrezorCrypto/bignum.h"; sourceTree = "<group>"; };
		67B4818D231F925B000C6DFB /* address.h */ = {isa = PBXFileReference; fileEncoding = 4; lastKnownFileType = sourcecode.c.h; name = address.h; path = "../../../../../deps/trezor-crypto/include/TrezorCrypto/address.h"; sourceTree = "<group>"; };
		67B4818E231F925B000C6DFB /* base58.h */ = {isa = PBXFileReference; fileEncoding = 4; lastKnownFileType = sourcecode.c.h; name = base58.h; path = "../../../../../deps/trezor-crypto/include/TrezorCrypto/base58.h"; sourceTree = "<group>"; };
		67B4818F231F925B000C6DFB /* bip39.h */ = {isa = PBXFileReference; fileEncoding = 4; lastKnownFileType = sourcecode.c.h; name = bip39.h; path = "../../../../../deps/trezor-crypto/include/TrezorCrypto/bip39.h"; sourceTree = "<group>"; };
		67B48190231F925B000C6DFB /* blake2s.h */ = {isa = PBXFileReference; fileEncoding = 4; lastKnownFileType = sourcecode.c.h; name = blake2s.h; path = "../../../../../deps/trezor-crypto/include/TrezorCrypto/blake2s.h"; sourceTree = "<group>"; };
		67B48191231F925B000C6DFB /* aes.h */ = {isa = PBXFileReference; fileEncoding = 4; lastKnownFileType = sourcecode.c.h; name = aes.h; path = "../../../../../deps/trezor-crypto/include/TrezorCrypto/aes.h"; sourceTree = "<group>"; };
		67B48192231F925B000C6DFB /* bip32.h */ = {isa = PBXFileReference; fileEncoding = 4; lastKnownFileType = sourcecode.c.h; name = bip32.h; path = "../../../../../deps/trezor-crypto/include/TrezorCrypto/bip32.h"; sourceTree = "<group>"; };
		67B48197231F92B3000C6DFB /* fe.c */ = {isa = PBXFileReference; fileEncoding = 4; lastKnownFileType = sourcecode.c.c; name = fe.c; path = "../../../../../../../../deps/trezor-crypto/src/sodium/private/fe_25_5/fe.c"; sourceTree = "<group>"; };
		67B48199231F92C7000C6DFB /* ed25519_ref10.c */ = {isa = PBXFileReference; fileEncoding = 4; lastKnownFileType = sourcecode.c.c; name = ed25519_ref10.c; path = "../../../../../../../../deps/trezor-crypto/src/sodium/private/ed25519_ref10.c"; sourceTree = "<group>"; };
		67B4819A231F92C7000C6DFB /* ed25519_ref10_fe_25_5.c */ = {isa = PBXFileReference; fileEncoding = 4; lastKnownFileType = sourcecode.c.c; name = ed25519_ref10_fe_25_5.c; path = "../../../../../../../../deps/trezor-crypto/src/sodium/private/ed25519_ref10_fe_25_5.c"; sourceTree = "<group>"; };
		67B4819D231F92D8000C6DFB /* keypair.c */ = {isa = PBXFileReference; fileEncoding = 4; lastKnownFileType = sourcecode.c.c; name = keypair.c; path = "../../../../../../../../deps/trezor-crypto/src/sodium/keypair.c"; sourceTree = "<group>"; };
		67B4819F231F92F6000C6DFB /* sha3.c */ = {isa = PBXFileReference; fileEncoding = 4; lastKnownFileType = sourcecode.c.c; name = sha3.c; path = "../../../../../../../../deps/trezor-crypto/src/sha3.c"; sourceTree = "<group>"; };
		67B481A0231F92F6000C6DFB /* schnorr.c */ = {isa = PBXFileReference; fileEncoding = 4; lastKnownFileType = sourcecode.c.c; name = schnorr.c; path = "../../../../../../../../deps/trezor-crypto/src/schnorr.c"; sourceTree = "<group>"; };
		67B481A1231F92F6000C6DFB /* scrypt.c */ = {isa = PBXFileReference; fileEncoding = 4; lastKnownFileType = sourcecode.c.c; name = scrypt.c; path = "../../../../../../../../deps/trezor-crypto/src/scrypt.c"; sourceTree = "<group>"; };
		67B481A2231F92F6000C6DFB /* secp256k1.c */ = {isa = PBXFileReference; fileEncoding = 4; lastKnownFileType = sourcecode.c.c; name = secp256k1.c; path = "../../../../../../../../deps/trezor-crypto/src/secp256k1.c"; sourceTree = "<group>"; };
		67B481A3231F92F7000C6DFB /* sha2.c */ = {isa = PBXFileReference; fileEncoding = 4; lastKnownFileType = sourcecode.c.c; name = sha2.c; path = "../../../../../../../../deps/trezor-crypto/src/sha2.c"; sourceTree = "<group>"; };
		67B481A4231F92F7000C6DFB /* script.c */ = {isa = PBXFileReference; fileEncoding = 4; lastKnownFileType = sourcecode.c.c; name = script.c; path = "../../../../../../../../deps/trezor-crypto/src/script.c"; sourceTree = "<group>"; };
		67B481AC231F9315000C6DFB /* base58.c */ = {isa = PBXFileReference; fileEncoding = 4; lastKnownFileType = sourcecode.c.c; name = base58.c; path = "../../../../../../../../deps/trezor-crypto/src/ripple/base58.c"; sourceTree = "<group>"; };
		67B481AE231F9331000C6DFB /* pbkdf2.c */ = {isa = PBXFileReference; fileEncoding = 4; lastKnownFileType = sourcecode.c.c; name = pbkdf2.c; path = "../../../../../../../../deps/trezor-crypto/src/pbkdf2.c"; sourceTree = "<group>"; };
		67B481AF231F9331000C6DFB /* rand.c */ = {isa = PBXFileReference; fileEncoding = 4; lastKnownFileType = sourcecode.c.c; name = rand.c; path = "../../../../../../../../deps/trezor-crypto/src/rand.c"; sourceTree = "<group>"; };
		67B481B0231F9331000C6DFB /* options.h */ = {isa = PBXFileReference; fileEncoding = 4; lastKnownFileType = sourcecode.c.h; name = options.h; path = "../../../../../../../../deps/trezor-crypto/src/options.h"; sourceTree = "<group>"; };
		67B481B1231F9331000C6DFB /* nist256p1.c */ = {isa = PBXFileReference; fileEncoding = 4; lastKnownFileType = sourcecode.c.c; name = nist256p1.c; path = "../../../../../../../../deps/trezor-crypto/src/nist256p1.c"; sourceTree = "<group>"; };
		67B481B2231F9331000C6DFB /* nem.c */ = {isa = PBXFileReference; fileEncoding = 4; lastKnownFileType = sourcecode.c.c; name = nem.c; path = "../../../../../../../../deps/trezor-crypto/src/nem.c"; sourceTree = "<group>"; };
		67B481B3231F9331000C6DFB /* rc4.c */ = {isa = PBXFileReference; fileEncoding = 4; lastKnownFileType = sourcecode.c.c; name = rc4.c; path = "../../../../../../../../deps/trezor-crypto/src/rc4.c"; sourceTree = "<group>"; };
		67B481B4231F9331000C6DFB /* nano.c */ = {isa = PBXFileReference; fileEncoding = 4; lastKnownFileType = sourcecode.c.c; name = nano.c; path = "../../../../../../../../deps/trezor-crypto/src/nano.c"; sourceTree = "<group>"; };
		67B481C5231F9365000C6DFB /* groestl_internal.h */ = {isa = PBXFileReference; fileEncoding = 4; lastKnownFileType = sourcecode.c.h; name = groestl_internal.h; path = "../../../../../../../../deps/trezor-crypto/src/groestl_internal.h"; sourceTree = "<group>"; };
		67B481C6231F9365000C6DFB /* hasher.c */ = {isa = PBXFileReference; fileEncoding = 4; lastKnownFileType = sourcecode.c.c; name = hasher.c; path = "../../../../../../../../deps/trezor-crypto/src/hasher.c"; sourceTree = "<group>"; };
		67B481C7231F9365000C6DFB /* groestl.c */ = {isa = PBXFileReference; fileEncoding = 4; lastKnownFileType = sourcecode.c.c; name = groestl.c; path = "../../../../../../../../deps/trezor-crypto/src/groestl.c"; sourceTree = "<group>"; };
		67B481C8231F9365000C6DFB /* memzero.c */ = {isa = PBXFileReference; fileEncoding = 4; lastKnownFileType = sourcecode.c.c; name = memzero.c; path = "../../../../../../../../deps/trezor-crypto/src/memzero.c"; sourceTree = "<group>"; };
		67B481C9231F9365000C6DFB /* hmac.c */ = {isa = PBXFileReference; fileEncoding = 4; lastKnownFileType = sourcecode.c.c; name = hmac.c; path = "../../../../../../../../deps/trezor-crypto/src/hmac.c"; sourceTree = "<group>"; };
		67B481CF231F9380000C6DFB /* ed25519-hash-custom-blake2b.h */ = {isa = PBXFileReference; fileEncoding = 4; lastKnownFileType = sourcecode.c.h; name = "ed25519-hash-custom-blake2b.h"; path = "../../../../../../../../deps/trezor-crypto/src/ed25519-donna/ed25519-hash-custom-blake2b.h"; sourceTree = "<group>"; };
		67B481D0231F9380000C6DFB /* ed25519.c */ = {isa = PBXFileReference; fileEncoding = 4; lastKnownFileType = sourcecode.c.c; name = ed25519.c; path = "../../../../../../../../deps/trezor-crypto/src/ed25519-donna/ed25519.c"; sourceTree = "<group>"; };
		67B481D1231F9380000C6DFB /* curve25519-donna-scalarmult-base.h */ = {isa = PBXFileReference; fileEncoding = 4; lastKnownFileType = sourcecode.c.h; name = "curve25519-donna-scalarmult-base.h"; path = "../../../../../../../../deps/trezor-crypto/src/ed25519-donna/curve25519-donna-scalarmult-base.h"; sourceTree = "<group>"; };
		67B481D2231F9380000C6DFB /* ed25519-donna-impl-base.c */ = {isa = PBXFileReference; fileEncoding = 4; lastKnownFileType = sourcecode.c.c; name = "ed25519-donna-impl-base.c"; path = "../../../../../../../../deps/trezor-crypto/src/ed25519-donna/ed25519-donna-impl-base.c"; sourceTree = "<group>"; };
		67B481D3231F9380000C6DFB /* ed25519-donna-32bit-tables.c */ = {isa = PBXFileReference; fileEncoding = 4; lastKnownFileType = sourcecode.c.c; name = "ed25519-donna-32bit-tables.c"; path = "../../../../../../../../deps/trezor-crypto/src/ed25519-donna/ed25519-donna-32bit-tables.c"; sourceTree = "<group>"; };
		67B481D4231F9380000C6DFB /* ed25519-hash-custom-keccak.h */ = {isa = PBXFileReference; fileEncoding = 4; lastKnownFileType = sourcecode.c.h; name = "ed25519-hash-custom-keccak.h"; path = "../../../../../../../../deps/trezor-crypto/src/ed25519-donna/ed25519-hash-custom-keccak.h"; sourceTree = "<group>"; };
		67B481D5231F9380000C6DFB /* ed25519-donna-basepoint-table.c */ = {isa = PBXFileReference; fileEncoding = 4; lastKnownFileType = sourcecode.c.c; name = "ed25519-donna-basepoint-table.c"; path = "../../../../../../../../deps/trezor-crypto/src/ed25519-donna/ed25519-donna-basepoint-table.c"; sourceTree = "<group>"; };
		67B481D6231F9380000C6DFB /* ed25519-keccak.c */ = {isa = PBXFileReference; fileEncoding = 4; lastKnownFileType = sourcecode.c.c; name = "ed25519-keccak.c"; path = "../../../../../../../../deps/trezor-crypto/src/ed25519-donna/ed25519-keccak.c"; sourceTree = "<group>"; };
		67B481D7231F9380000C6DFB /* curve25519-donna-32bit.c */ = {isa = PBXFileReference; fileEncoding = 4; lastKnownFileType = sourcecode.c.c; name = "curve25519-donna-32bit.c"; path = "../../../../../../../../deps/trezor-crypto/src/ed25519-donna/curve25519-donna-32bit.c"; sourceTree = "<group>"; };
		67B481D8231F9380000C6DFB /* ed25519-blake2b.c */ = {isa = PBXFileReference; fileEncoding = 4; lastKnownFileType = sourcecode.c.c; name = "ed25519-blake2b.c"; path = "../../../../../../../../deps/trezor-crypto/src/ed25519-donna/ed25519-blake2b.c"; sourceTree = "<group>"; };
		67B481D9231F9380000C6DFB /* modm-donna-32bit.c */ = {isa = PBXFileReference; fileEncoding = 4; lastKnownFileType = sourcecode.c.c; name = "modm-donna-32bit.c"; path = "../../../../../../../../deps/trezor-crypto/src/ed25519-donna/modm-donna-32bit.c"; sourceTree = "<group>"; };
		67B481DA231F9380000C6DFB /* ed25519-hash-custom-sha3.h */ = {isa = PBXFileReference; fileEncoding = 4; lastKnownFileType = sourcecode.c.h; name = "ed25519-hash-custom-sha3.h"; path = "../../../../../../../../deps/trezor-crypto/src/ed25519-donna/ed25519-hash-custom-sha3.h"; sourceTree = "<group>"; };
		67B481DB231F9380000C6DFB /* curve25519-donna-scalarmult-base.c */ = {isa = PBXFileReference; fileEncoding = 4; lastKnownFileType = sourcecode.c.c; name = "curve25519-donna-scalarmult-base.c"; path = "../../../../../../../../deps/trezor-crypto/src/ed25519-donna/curve25519-donna-scalarmult-base.c"; sourceTree = "<group>"; };
		67B481DC231F9380000C6DFB /* curve25519-donna-helpers.c */ = {isa = PBXFileReference; fileEncoding = 4; lastKnownFileType = sourcecode.c.c; name = "curve25519-donna-helpers.c"; path = "../../../../../../../../deps/trezor-crypto/src/ed25519-donna/curve25519-donna-helpers.c"; sourceTree = "<group>"; };
		67B481DD231F9381000C6DFB /* ed25519-sha3.c */ = {isa = PBXFileReference; fileEncoding = 4; lastKnownFileType = sourcecode.c.c; name = "ed25519-sha3.c"; path = "../../../../../../../../deps/trezor-crypto/src/ed25519-donna/ed25519-sha3.c"; sourceTree = "<group>"; };
		67B481DE231F9381000C6DFB /* ed25519-hash-custom.h */ = {isa = PBXFileReference; fileEncoding = 4; lastKnownFileType = sourcecode.c.h; name = "ed25519-hash-custom.h"; path = "../../../../../../../../deps/trezor-crypto/src/ed25519-donna/ed25519-hash-custom.h"; sourceTree = "<group>"; };
		67B481EA231F93A0000C6DFB /* curves.c */ = {isa = PBXFileReference; fileEncoding = 4; lastKnownFileType = sourcecode.c.c; name = curves.c; path = "../../../../../../../../deps/trezor-crypto/src/curves.c"; sourceTree = "<group>"; };
		67B481EB231F93A0000C6DFB /* check_mem.h */ = {isa = PBXFileReference; fileEncoding = 4; lastKnownFileType = sourcecode.c.h; name = check_mem.h; path = "../../../../../../../../deps/trezor-crypto/src/check_mem.h"; sourceTree = "<group>"; };
		67B481EC231F93A0000C6DFB /* ecdsa.c */ = {isa = PBXFileReference; fileEncoding = 4; lastKnownFileType = sourcecode.c.c; name = ecdsa.c; path = "../../../../../../../../deps/trezor-crypto/src/ecdsa.c"; sourceTree = "<group>"; };
		67B481F0231F93BC000C6DFB /* rfc7539.h */ = {isa = PBXFileReference; fileEncoding = 4; lastKnownFileType = sourcecode.c.h; name = rfc7539.h; path = "../../../../../../../../deps/trezor-crypto/src/chacha20poly1305/rfc7539.h"; sourceTree = "<group>"; };
		67B481F1231F93BC000C6DFB /* poly1305-donna.c */ = {isa = PBXFileReference; fileEncoding = 4; lastKnownFileType = sourcecode.c.c; name = "poly1305-donna.c"; path = "../../../../../../../../deps/trezor-crypto/src/chacha20poly1305/poly1305-donna.c"; sourceTree = "<group>"; };
		67B481F2231F93BC000C6DFB /* rfc7539.c */ = {isa = PBXFileReference; fileEncoding = 4; lastKnownFileType = sourcecode.c.c; name = rfc7539.c; path = "../../../../../../../../deps/trezor-crypto/src/chacha20poly1305/rfc7539.c"; sourceTree = "<group>"; };
		67B481F3231F93BC000C6DFB /* ecrypt-machine.h */ = {isa = PBXFileReference; fileEncoding = 4; lastKnownFileType = sourcecode.c.h; name = "ecrypt-machine.h"; path = "../../../../../../../../deps/trezor-crypto/src/chacha20poly1305/ecrypt-machine.h"; sourceTree = "<group>"; };
		67B481F4231F93BC000C6DFB /* poly1305-donna-32.h */ = {isa = PBXFileReference; fileEncoding = 4; lastKnownFileType = sourcecode.c.h; name = "poly1305-donna-32.h"; path = "../../../../../../../../deps/trezor-crypto/src/chacha20poly1305/poly1305-donna-32.h"; sourceTree = "<group>"; };
		67B481F5231F93BC000C6DFB /* chacha_merged.c */ = {isa = PBXFileReference; fileEncoding = 4; lastKnownFileType = sourcecode.c.c; name = chacha_merged.c; path = "../../../../../../../../deps/trezor-crypto/src/chacha20poly1305/chacha_merged.c"; sourceTree = "<group>"; };
		67B481F6231F93BC000C6DFB /* ecrypt-portable.h */ = {isa = PBXFileReference; fileEncoding = 4; lastKnownFileType = sourcecode.c.h; name = "ecrypt-portable.h"; path = "../../../../../../../../deps/trezor-crypto/src/chacha20poly1305/ecrypt-portable.h"; sourceTree = "<group>"; };
		67B481F7231F93BC000C6DFB /* chacha20poly1305.c */ = {isa = PBXFileReference; fileEncoding = 4; lastKnownFileType = sourcecode.c.c; name = chacha20poly1305.c; path = "../../../../../../../../deps/trezor-crypto/src/chacha20poly1305/chacha20poly1305.c"; sourceTree = "<group>"; };
		67B481FC231F93D2000C6DFB /* bip39.c */ = {isa = PBXFileReference; fileEncoding = 4; lastKnownFileType = sourcecode.c.c; name = bip39.c; path = "../../../../../../../../deps/trezor-crypto/src/bip39.c"; sourceTree = "<group>"; };
		67B481FD231F93D2000C6DFB /* base32.c */ = {isa = PBXFileReference; fileEncoding = 4; lastKnownFileType = sourcecode.c.c; name = base32.c; path = "../../../../../../../../deps/trezor-crypto/src/base32.c"; sourceTree = "<group>"; };
		67B481FE231F93D2000C6DFB /* base58.c */ = {isa = PBXFileReference; fileEncoding = 4; lastKnownFileType = sourcecode.c.c; name = base58.c; path = "../../../../../../../../deps/trezor-crypto/src/base58.c"; sourceTree = "<group>"; };
		67B481FF231F93D2000C6DFB /* blake2_common.h */ = {isa = PBXFileReference; fileEncoding = 4; lastKnownFileType = sourcecode.c.h; name = blake2_common.h; path = "../../../../../../../../deps/trezor-crypto/src/blake2_common.h"; sourceTree = "<group>"; };
		67B48200231F93D3000C6DFB /* blake2b.c */ = {isa = PBXFileReference; fileEncoding = 4; lastKnownFileType = sourcecode.c.c; name = blake2b.c; path = "../../../../../../../../deps/trezor-crypto/src/blake2b.c"; sourceTree = "<group>"; };
		67B48201231F93D3000C6DFB /* blake2s.c */ = {isa = PBXFileReference; fileEncoding = 4; lastKnownFileType = sourcecode.c.c; name = blake2s.c; path = "../../../../../../../../deps/trezor-crypto/src/blake2s.c"; sourceTree = "<group>"; };
		67B48202231F93D3000C6DFB /* bip39_english.h */ = {isa = PBXFileReference; fileEncoding = 4; lastKnownFileType = sourcecode.c.h; name = bip39_english.h; path = "../../../../../../../../deps/trezor-crypto/src/bip39_english.h"; sourceTree = "<group>"; };
		67B48203231F93D3000C6DFB /* blake256.c */ = {isa = PBXFileReference; fileEncoding = 4; lastKnownFileType = sourcecode.c.c; name = blake256.c; path = "../../../../../../../../deps/trezor-crypto/src/blake256.c"; sourceTree = "<group>"; };
		67B48204231F93D3000C6DFB /* cash_addr.c */ = {isa = PBXFileReference; fileEncoding = 4; lastKnownFileType = sourcecode.c.c; name = cash_addr.c; path = "../../../../../../../../deps/trezor-crypto/src/cash_addr.c"; sourceTree = "<group>"; };
		67B48205231F93D3000C6DFB /* bignum.c */ = {isa = PBXFileReference; fileEncoding = 4; lastKnownFileType = sourcecode.c.c; name = bignum.c; path = "../../../../../../../../deps/trezor-crypto/src/bignum.c"; sourceTree = "<group>"; };
		67B48206231F93D3000C6DFB /* bip32.c */ = {isa = PBXFileReference; fileEncoding = 4; lastKnownFileType = sourcecode.c.c; name = bip32.c; path = "../../../../../../../../deps/trezor-crypto/src/bip32.c"; sourceTree = "<group>"; };
		67B48211231F93ED000C6DFB /* aesopt.h */ = {isa = PBXFileReference; fileEncoding = 4; lastKnownFileType = sourcecode.c.h; name = aesopt.h; path = "../../../../../../../../deps/trezor-crypto/src/aes/aesopt.h"; sourceTree = "<group>"; };
		67B48212231F93ED000C6DFB /* aestab.h */ = {isa = PBXFileReference; fileEncoding = 4; lastKnownFileType = sourcecode.c.h; name = aestab.h; path = "../../../../../../../../deps/trezor-crypto/src/aes/aestab.h"; sourceTree = "<group>"; };
		67B48213231F93ED000C6DFB /* aes_modes.c */ = {isa = PBXFileReference; fileEncoding = 4; lastKnownFileType = sourcecode.c.c; name = aes_modes.c; path = "../../../../../../../../deps/trezor-crypto/src/aes/aes_modes.c"; sourceTree = "<group>"; };
		67B48214231F93ED000C6DFB /* aescrypt.c */ = {isa = PBXFileReference; fileEncoding = 4; lastKnownFileType = sourcecode.c.c; name = aescrypt.c; path = "../../../../../../../../deps/trezor-crypto/src/aes/aescrypt.c"; sourceTree = "<group>"; };
		67B48215231F93ED000C6DFB /* aestab.c */ = {isa = PBXFileReference; fileEncoding = 4; lastKnownFileType = sourcecode.c.c; name = aestab.c; path = "../../../../../../../../deps/trezor-crypto/src/aes/aestab.c"; sourceTree = "<group>"; };
		67B48216231F93ED000C6DFB /* aeskey.c */ = {isa = PBXFileReference; fileEncoding = 4; lastKnownFileType = sourcecode.c.c; name = aeskey.c; path = "../../../../../../../../deps/trezor-crypto/src/aes/aeskey.c"; sourceTree = "<group>"; };
		67B4821B231F9400000C6DFB /* address.c */ = {isa = PBXFileReference; fileEncoding = 4; lastKnownFileType = sourcecode.c.c; name = address.c; path = "../../../../../../../../deps/trezor-crypto/src/address.c"; sourceTree = "<group>"; };
		67B4821D231F94C1000C6DFB /* segwit_addr.h */ = {isa = PBXFileReference; fileEncoding = 4; lastKnownFileType = sourcecode.c.h; name = segwit_addr.h; path = ../../../../../deps/bitcoin/segwit_addr.h; sourceTree = "<group>"; };
		67B4821E231F94C1000C6DFB /* segwit_addr.cpp */ = {isa = PBXFileReference; fileEncoding = 4; lastKnownFileType = sourcecode.cpp.cpp; name = segwit_addr.cpp; path = ../../../../../deps/bitcoin/segwit_addr.cpp; sourceTree = "<group>"; };
		67B9563422DC707500E90AF9 /* Data.hpp */ = {isa = PBXFileReference; fileEncoding = 4; lastKnownFileType = sourcecode.cpp.h; name = Data.hpp; path = "../../../../../deps/airbitz-core/abcd/util/Data.hpp"; sourceTree = "<group>"; };
		67B9563522DC707600E90AF9 /* Data.cpp */ = {isa = PBXFileReference; fileEncoding = 4; lastKnownFileType = sourcecode.cpp.cpp; name = Data.cpp; path = "../../../../../deps/airbitz-core/abcd/util/Data.cpp"; sourceTree = "<group>"; };
		67B9563822DC73C900E90AF9 /* common.h */ = {isa = PBXFileReference; fileEncoding = 4; lastKnownFileType = sourcecode.c.h; name = common.h; path = ../../../../../deps/bitcoin/crypto/common.h; sourceTree = "<group>"; };
		67B9563B22DC75F000E90AF9 /* uchar_vector.h */ = {isa = PBXFileReference; fileEncoding = 4; lastKnownFileType = sourcecode.c.h; name = uchar_vector.h; path = ../../../../../deps/mSIGNA/stdutils/uchar_vector.h; sourceTree = "<group>"; };
		67C4B5A022CEFB6900F85860 /* NumberlikeArray.hh */ = {isa = PBXFileReference; fileEncoding = 4; lastKnownFileType = sourcecode.cpp.h; name = NumberlikeArray.hh; path = ../../../../../deps/bigint/NumberlikeArray.hh; sourceTree = "<group>"; };
		67C4B5A122CEFB6900F85860 /* BigUnsigned.hh */ = {isa = PBXFileReference; fileEncoding = 4; lastKnownFileType = sourcecode.cpp.h; name = BigUnsigned.hh; path = ../../../../../deps/bigint/BigUnsigned.hh; sourceTree = "<group>"; };
		67C4B5A222CEFB6900F85860 /* BigUnsignedInABase.hh */ = {isa = PBXFileReference; fileEncoding = 4; lastKnownFileType = sourcecode.cpp.h; name = BigUnsignedInABase.hh; path = ../../../../../deps/bigint/BigUnsignedInABase.hh; sourceTree = "<group>"; };
		67C4B5A322CEFB6A00F85860 /* BigInteger.cc */ = {isa = PBXFileReference; fileEncoding = 4; lastKnownFileType = sourcecode.cpp.cpp; name = BigInteger.cc; path = ../../../../../deps/bigint/BigInteger.cc; sourceTree = "<group>"; };
		67C4B5A422CEFB6A00F85860 /* BigUnsigned.cc */ = {isa = PBXFileReference; fileEncoding = 4; lastKnownFileType = sourcecode.cpp.cpp; name = BigUnsigned.cc; path = ../../../../../deps/bigint/BigUnsigned.cc; sourceTree = "<group>"; };
		67C4B5A522CEFB6A00F85860 /* BigIntegerLibrary.hh */ = {isa = PBXFileReference; fileEncoding = 4; lastKnownFileType = sourcecode.cpp.h; name = BigIntegerLibrary.hh; path = ../../../../../deps/bigint/BigIntegerLibrary.hh; sourceTree = "<group>"; };
		67C4B5A622CEFB6A00F85860 /* BigIntegerAlgorithms.cc */ = {isa = PBXFileReference; fileEncoding = 4; lastKnownFileType = sourcecode.cpp.cpp; name = BigIntegerAlgorithms.cc; path = ../../../../../deps/bigint/BigIntegerAlgorithms.cc; sourceTree = "<group>"; };
		67C4B5A722CEFB6A00F85860 /* BigIntegerAlgorithms.hh */ = {isa = PBXFileReference; fileEncoding = 4; lastKnownFileType = sourcecode.cpp.h; name = BigIntegerAlgorithms.hh; path = ../../../../../deps/bigint/BigIntegerAlgorithms.hh; sourceTree = "<group>"; };
		67C4B5A822CEFB6A00F85860 /* BigIntegerUtils.cc */ = {isa = PBXFileReference; fileEncoding = 4; lastKnownFileType = sourcecode.cpp.cpp; name = BigIntegerUtils.cc; path = ../../../../../deps/bigint/BigIntegerUtils.cc; sourceTree = "<group>"; };
		67C4B5A922CEFB6A00F85860 /* BigIntegerUtils.hh */ = {isa = PBXFileReference; fileEncoding = 4; lastKnownFileType = sourcecode.cpp.h; name = BigIntegerUtils.hh; path = ../../../../../deps/bigint/BigIntegerUtils.hh; sourceTree = "<group>"; };
		67C4B5AA22CEFB6A00F85860 /* BigUnsignedInABase.cc */ = {isa = PBXFileReference; fileEncoding = 4; lastKnownFileType = sourcecode.cpp.cpp; name = BigUnsignedInABase.cc; path = ../../../../../deps/bigint/BigUnsignedInABase.cc; sourceTree = "<group>"; };
		67C4B5AB22CEFB6A00F85860 /* BigInteger.hh */ = {isa = PBXFileReference; fileEncoding = 4; lastKnownFileType = sourcecode.cpp.h; name = BigInteger.hh; path = ../../../../../deps/bigint/BigInteger.hh; sourceTree = "<group>"; };
		EADCCD7322A7B380008F2EF5 /* libJubSDK.a */ = {isa = PBXFileReference; explicitFileType = archive.ar; includeInIndex = 0; path = libJubSDK.a; sourceTree = BUILT_PRODUCTS_DIR; };
		EADCCDB522A7C21B008F2EF5 /* bleTransmit.cpp */ = {isa = PBXFileReference; fileEncoding = 4; lastKnownFileType = sourcecode.cpp.cpp; name = bleTransmit.cpp; path = ../../../../../../../../../deps/bleTransmit/bleTransmit.cpp; sourceTree = "<group>"; };
		EADCCDB622A7C21C008F2EF5 /* bleTransmitF.h */ = {isa = PBXFileReference; fileEncoding = 4; lastKnownFileType = sourcecode.c.h; name = bleTransmitF.h; path = ../../../../../../../../../deps/bleTransmit/bleTransmitF.h; sourceTree = "<group>"; };
		EADCCDB722A7C21C008F2EF5 /* bleTransmit.h */ = {isa = PBXFileReference; fileEncoding = 4; lastKnownFileType = sourcecode.c.h; name = bleTransmit.h; path = ../../../../../../../../../deps/bleTransmit/bleTransmit.h; sourceTree = "<group>"; };
		EADCCDBA22A7C25D008F2EF5 /* md_wrap.h */ = {isa = PBXFileReference; fileEncoding = 4; lastKnownFileType = sourcecode.c.h; path = md_wrap.h; sourceTree = "<group>"; };
		EADCCDBB22A7C25D008F2EF5 /* check_config.h */ = {isa = PBXFileReference; fileEncoding = 4; lastKnownFileType = sourcecode.c.h; path = check_config.h; sourceTree = "<group>"; };
		EADCCDBC22A7C25D008F2EF5 /* md2.h */ = {isa = PBXFileReference; fileEncoding = 4; lastKnownFileType = sourcecode.c.h; path = md2.h; sourceTree = "<group>"; };
		EADCCDBD22A7C25D008F2EF5 /* md4.c */ = {isa = PBXFileReference; fileEncoding = 4; lastKnownFileType = sourcecode.c.c; path = md4.c; sourceTree = "<group>"; };
		EADCCDBE22A7C25D008F2EF5 /* ripemd160.h */ = {isa = PBXFileReference; fileEncoding = 4; lastKnownFileType = sourcecode.c.h; path = ripemd160.h; sourceTree = "<group>"; };
		EADCCDBF22A7C25D008F2EF5 /* config.h */ = {isa = PBXFileReference; fileEncoding = 4; lastKnownFileType = sourcecode.c.h; path = config.h; sourceTree = "<group>"; };
		EADCCDC022A7C25D008F2EF5 /* md5.h */ = {isa = PBXFileReference; fileEncoding = 4; lastKnownFileType = sourcecode.c.h; path = md5.h; sourceTree = "<group>"; };
		EADCCDC122A7C25D008F2EF5 /* sha1.c */ = {isa = PBXFileReference; fileEncoding = 4; lastKnownFileType = sourcecode.c.c; path = sha1.c; sourceTree = "<group>"; };
		EADCCDC222A7C25D008F2EF5 /* sha256.h */ = {isa = PBXFileReference; fileEncoding = 4; lastKnownFileType = sourcecode.c.h; path = sha256.h; sourceTree = "<group>"; };
		EADCCDC322A7C25D008F2EF5 /* platform.c */ = {isa = PBXFileReference; fileEncoding = 4; lastKnownFileType = sourcecode.c.c; path = platform.c; sourceTree = "<group>"; };
		EADCCDC422A7C25D008F2EF5 /* md.h */ = {isa = PBXFileReference; fileEncoding = 4; lastKnownFileType = sourcecode.c.h; path = md.h; sourceTree = "<group>"; };
		EADCCDC522A7C25D008F2EF5 /* sha512.h */ = {isa = PBXFileReference; fileEncoding = 4; lastKnownFileType = sourcecode.c.h; path = sha512.h; sourceTree = "<group>"; };
		EADCCDC622A7C25D008F2EF5 /* ripemd160.c */ = {isa = PBXFileReference; fileEncoding = 4; lastKnownFileType = sourcecode.c.c; path = ripemd160.c; sourceTree = "<group>"; };
		EADCCDC722A7C25D008F2EF5 /* md4.h */ = {isa = PBXFileReference; fileEncoding = 4; lastKnownFileType = sourcecode.c.h; path = md4.h; sourceTree = "<group>"; };
		EADCCDC822A7C25D008F2EF5 /* md2.c */ = {isa = PBXFileReference; fileEncoding = 4; lastKnownFileType = sourcecode.c.c; path = md2.c; sourceTree = "<group>"; };
		EADCCDC922A7C25D008F2EF5 /* md_wrap.c */ = {isa = PBXFileReference; fileEncoding = 4; lastKnownFileType = sourcecode.c.c; path = md_wrap.c; sourceTree = "<group>"; };
		EADCCDCA22A7C25D008F2EF5 /* sha1.h */ = {isa = PBXFileReference; fileEncoding = 4; lastKnownFileType = sourcecode.c.h; path = sha1.h; sourceTree = "<group>"; };
		EADCCDCB22A7C25D008F2EF5 /* sha256.c */ = {isa = PBXFileReference; fileEncoding = 4; lastKnownFileType = sourcecode.c.c; path = sha256.c; sourceTree = "<group>"; };
		EADCCDCC22A7C25D008F2EF5 /* md5.c */ = {isa = PBXFileReference; fileEncoding = 4; lastKnownFileType = sourcecode.c.c; path = md5.c; sourceTree = "<group>"; };
		EADCCDCD22A7C25D008F2EF5 /* sha512.c */ = {isa = PBXFileReference; fileEncoding = 4; lastKnownFileType = sourcecode.c.c; path = sha512.c; sourceTree = "<group>"; };
		EADCCDCE22A7C25D008F2EF5 /* md.c */ = {isa = PBXFileReference; fileEncoding = 4; lastKnownFileType = sourcecode.c.c; path = md.c; sourceTree = "<group>"; };
		EADCCDCF22A7C25D008F2EF5 /* platform.h */ = {isa = PBXFileReference; fileEncoding = 4; lastKnownFileType = sourcecode.c.h; path = platform.h; sourceTree = "<group>"; };
		EADCCDDD22A7CCF2008F2EF5 /* BTCTokenInterface.hpp */ = {isa = PBXFileReference; fileEncoding = 4; lastKnownFileType = sourcecode.cpp.h; path = BTCTokenInterface.hpp; sourceTree = "<group>"; };
		EADCCDDE22A7CCF2008F2EF5 /* ETHTokenInterface.hpp */ = {isa = PBXFileReference; fileEncoding = 4; lastKnownFileType = sourcecode.cpp.h; path = ETHTokenInterface.hpp; sourceTree = "<group>"; };
		EADCCDDF22A7CCF2008F2EF5 /* TokenInterface.hpp */ = {isa = PBXFileReference; fileEncoding = 4; lastKnownFileType = sourcecode.cpp.h; path = TokenInterface.hpp; sourceTree = "<group>"; };
		EADCCDE022A7CCF2008F2EF5 /* JubiterBLDImpl.h */ = {isa = PBXFileReference; fileEncoding = 4; lastKnownFileType = sourcecode.c.h; path = JubiterBLDImpl.h; sourceTree = "<group>"; };
		EADCCDE222A7CCF2008F2EF5 /* ContextETH.h */ = {isa = PBXFileReference; fileEncoding = 4; lastKnownFileType = sourcecode.c.h; path = ContextETH.h; sourceTree = "<group>"; };
		EADCCDE322A7CCF2008F2EF5 /* Context.h */ = {isa = PBXFileReference; fileEncoding = 4; lastKnownFileType = sourcecode.c.h; path = Context.h; sourceTree = "<group>"; };
		EADCCDE422A7CCF2008F2EF5 /* ContextBTC.h */ = {isa = PBXFileReference; fileEncoding = 4; lastKnownFileType = sourcecode.c.h; path = ContextBTC.h; sourceTree = "<group>"; };
		EADCCDE622A7CCF2008F2EF5 /* libBTC.hpp */ = {isa = PBXFileReference; fileEncoding = 4; lastKnownFileType = sourcecode.cpp.h; path = libBTC.hpp; sourceTree = "<group>"; };
		EADCCDE722A7CCF2008F2EF5 /* JUB_SDK.h */ = {isa = PBXFileReference; fileEncoding = 4; lastKnownFileType = sourcecode.c.h; path = JUB_SDK.h; sourceTree = "<group>"; };
		EADCCDE922A7CCF2008F2EF5 /* libBCH.hpp */ = {isa = PBXFileReference; fileEncoding = 4; lastKnownFileType = sourcecode.cpp.h; path = libBCH.hpp; sourceTree = "<group>"; };
		EADCCDED22A7CCF2008F2EF5 /* ERC20Abi.h */ = {isa = PBXFileReference; fileEncoding = 4; lastKnownFileType = sourcecode.c.h; path = ERC20Abi.h; sourceTree = "<group>"; };
		EADCCDEF22A7CCF2008F2EF5 /* ApduBuilder.hpp */ = {isa = PBXFileReference; fileEncoding = 4; lastKnownFileType = sourcecode.cpp.h; path = ApduBuilder.hpp; sourceTree = "<group>"; };
		EADCCDF022A7CCF2008F2EF5 /* DeviceIOLogHelper.hpp */ = {isa = PBXFileReference; fileEncoding = 4; lastKnownFileType = sourcecode.cpp.h; path = DeviceIOLogHelper.hpp; sourceTree = "<group>"; };
		EADCCDF122A7CCF2008F2EF5 /* DeviceTypeBase.hpp */ = {isa = PBXFileReference; fileEncoding = 4; lastKnownFileType = sourcecode.cpp.h; path = DeviceTypeBase.hpp; sourceTree = "<group>"; };
		EADCCDF322A7CCF2008F2EF5 /* Fido.h */ = {isa = PBXFileReference; fileEncoding = 4; lastKnownFileType = sourcecode.c.h; path = Fido.h; sourceTree = "<group>"; };
		EADCCDF422A7CCF2008F2EF5 /* JubiterHidDevice.hpp */ = {isa = PBXFileReference; fileEncoding = 4; lastKnownFileType = sourcecode.cpp.h; path = JubiterHidDevice.hpp; sourceTree = "<group>"; };
		EADCCDF522A7CCF2008F2EF5 /* JubiterBLEDevice.hpp */ = {isa = PBXFileReference; fileEncoding = 4; lastKnownFileType = sourcecode.cpp.h; path = JubiterBLEDevice.hpp; sourceTree = "<group>"; };
		EADCCDF722A7CCF2008F2EF5 /* Apdu.hpp */ = {isa = PBXFileReference; fileEncoding = 4; lastKnownFileType = sourcecode.cpp.h; path = Apdu.hpp; sourceTree = "<group>"; };
		EADCCDF822A7CCF2008F2EF5 /* Singleton.h */ = {isa = PBXFileReference; fileEncoding = 4; lastKnownFileType = sourcecode.c.h; path = Singleton.h; sourceTree = "<group>"; };
		EADCCDFD22A7CCF2008F2EF5 /* xManager.hpp */ = {isa = PBXFileReference; fileEncoding = 4; lastKnownFileType = sourcecode.cpp.h; name = xManager.hpp; path = ../utility/context/xManager.hpp; sourceTree = "<group>"; };
		EADCCE0022A7CCF2008F2EF5 /* DataTransfer.hpp */ = {isa = PBXFileReference; fileEncoding = 4; lastKnownFileType = sourcecode.cpp.h; path = DataTransfer.hpp; sourceTree = "<group>"; };
		EADCCE0522A7D6BA008F2EF5 /* JubiterBLDImplETH.cpp */ = {isa = PBXFileReference; fileEncoding = 4; lastKnownFileType = sourcecode.cpp.cpp; path = JubiterBLDImplETH.cpp; sourceTree = "<group>"; };
		EADCCE0622A7D6BA008F2EF5 /* JubiterBLDImpl.cpp */ = {isa = PBXFileReference; fileEncoding = 4; lastKnownFileType = sourcecode.cpp.cpp; path = JubiterBLDImpl.cpp; sourceTree = "<group>"; };
		EADCCE0722A7D6BA008F2EF5 /* JubiterBLDImplBTC.cpp */ = {isa = PBXFileReference; fileEncoding = 4; lastKnownFileType = sourcecode.cpp.cpp; path = JubiterBLDImplBTC.cpp; sourceTree = "<group>"; };
		EADCCE0A22A7D6BA008F2EF5 /* Context.cpp */ = {isa = PBXFileReference; fileEncoding = 4; lastKnownFileType = sourcecode.cpp.cpp; path = Context.cpp; sourceTree = "<group>"; };
		EADCCE0B22A7D6BA008F2EF5 /* ContextBTC.cpp */ = {isa = PBXFileReference; fileEncoding = 4; lastKnownFileType = sourcecode.cpp.cpp; path = ContextBTC.cpp; sourceTree = "<group>"; };
		EADCCE0C22A7D6BA008F2EF5 /* ContextETH.cpp */ = {isa = PBXFileReference; fileEncoding = 4; lastKnownFileType = sourcecode.cpp.cpp; path = ContextETH.cpp; sourceTree = "<group>"; };
		EADCCE1122A7D6BA008F2EF5 /* ERC20Abi.cpp */ = {isa = PBXFileReference; fileEncoding = 4; lastKnownFileType = sourcecode.cpp.cpp; path = ERC20Abi.cpp; sourceTree = "<group>"; };
		EADCCE1422A7D6BA008F2EF5 /* JubiterHidDevice.cpp */ = {isa = PBXFileReference; fileEncoding = 4; lastKnownFileType = sourcecode.cpp.cpp; path = JubiterHidDevice.cpp; sourceTree = "<group>"; };
		EADCCE1522A7D6BA008F2EF5 /* JubiterBLEDevice.cpp */ = {isa = PBXFileReference; fileEncoding = 4; lastKnownFileType = sourcecode.cpp.cpp; path = JubiterBLEDevice.cpp; sourceTree = "<group>"; };
		EADCCE1722A7D6BA008F2EF5 /* ApduBuilder.cpp */ = {isa = PBXFileReference; fileEncoding = 4; lastKnownFileType = sourcecode.cpp.cpp; path = ApduBuilder.cpp; sourceTree = "<group>"; };
		EADCCE1822A7D6BA008F2EF5 /* Fido.cpp */ = {isa = PBXFileReference; fileEncoding = 4; lastKnownFileType = sourcecode.cpp.cpp; path = Fido.cpp; sourceTree = "<group>"; };
		EADCCE1A22A7D6BA008F2EF5 /* util.cpp */ = {isa = PBXFileReference; fileEncoding = 4; lastKnownFileType = sourcecode.cpp.cpp; path = util.cpp; sourceTree = "<group>"; };
/* End PBXFileReference section */

/* Begin PBXFrameworksBuildPhase section */
		EADCCD7022A7B380008F2EF5 /* Frameworks */ = {
			isa = PBXFrameworksBuildPhase;
			buildActionMask = 2147483647;
			files = (
			);
			runOnlyForDeploymentPostprocessing = 0;
		};
/* End PBXFrameworksBuildPhase section */

/* Begin PBXGroup section */
		6723139822D30829005BEFCC /* bitcoin */ = {
			isa = PBXGroup;
			children = (
				672313A422D30BB3005BEFCC /* compat */,
				67B9563722DC73B400E90AF9 /* crypto */,
				6723139B22D3083F005BEFCC /* base58.cpp */,
				6723139C22D3083F005BEFCC /* base58.h */,
				6723139D22D3083F005BEFCC /* bech32.cpp */,
				6723139922D3083F005BEFCC /* bech32.h */,
				6723139A22D3083F005BEFCC /* hash.h */,
				67B4821E231F94C1000C6DFB /* segwit_addr.cpp */,
				67B4821D231F94C1000C6DFB /* segwit_addr.h */,
			);
			name = bitcoin;
			sourceTree = "<group>";
		};
		672313A022D309FC005BEFCC /* bitcoinABC */ = {
			isa = PBXGroup;
			children = (
				672313A122D30A12005BEFCC /* cashaddr.cc */,
				672313A222D30A12005BEFCC /* cashaddr.h */,
			);
			name = bitcoinABC;
			sourceTree = "<group>";
		};
		672313A422D30BB3005BEFCC /* compat */ = {
			isa = PBXGroup;
			children = (
				672313A522D30BCA005BEFCC /* byteswap.h */,
			);
			name = compat;
			sourceTree = "<group>";
		};
		672452C322E08E4A000CC64D /* panzi */ = {
			isa = PBXGroup;
			children = (
				672452C422E08E58000CC64D /* portable_endian.h */,
			);
			name = panzi;
			sourceTree = "<group>";
		};
		6737F3A222CF57C10019DF07 /* libbitcoin */ = {
			isa = PBXGroup;
			children = (
				6737F3A322CF57D70019DF07 /* machine */,
			);
			name = libbitcoin;
			sourceTree = "<group>";
		};
		6737F3A322CF57D70019DF07 /* machine */ = {
			isa = PBXGroup;
			children = (
				6737F3A422CF57EB0019DF07 /* opcode.hpp */,
			);
			name = machine;
			sourceTree = "<group>";
		};
		67B48146231F8D48000C6DFB /* libBTC */ = {
			isa = PBXGroup;
			children = (
				67B48147231F8D5C000C6DFB /* libBTC.cpp */,
			);
			name = libBTC;
			sourceTree = "<group>";
		};
		67B48149231F8D66000C6DFB /* libBCH */ = {
			isa = PBXGroup;
			children = (
				67B4814A231F8D76000C6DFB /* libBCH.cpp */,
			);
			name = libBCH;
			sourceTree = "<group>";
		};
		67B4814C231F8F92000C6DFB /* trezor-crypto */ = {
			isa = PBXGroup;
			children = (
				67B4814D231F8FA0000C6DFB /* include */,
				67B48193231F926B000C6DFB /* src */,
			);
			name = "trezor-crypto";
			sourceTree = "<group>";
		};
		67B4814D231F8FA0000C6DFB /* include */ = {
			isa = PBXGroup;
			children = (
				67B4814E231F8FB1000C6DFB /* TrezorCrypto */,
			);
			name = include;
			sourceTree = "<group>";
		};
		67B4814E231F8FB1000C6DFB /* TrezorCrypto */ = {
			isa = PBXGroup;
			children = (
				67B4818D231F925B000C6DFB /* address.h */,
				67B48191231F925B000C6DFB /* aes.h */,
				67B4818A231F925B000C6DFB /* base32.h */,
				67B4818E231F925B000C6DFB /* base58.h */,
				67B4818C231F925B000C6DFB /* bignum.h */,
				67B48192231F925B000C6DFB /* bip32.h */,
				67B4818F231F925B000C6DFB /* bip39.h */,
				67B48188231F925B000C6DFB /* blake2b.h */,
				67B48190231F925B000C6DFB /* blake2s.h */,
				67B4818B231F925B000C6DFB /* blake256.h */,
				67B48189231F925B000C6DFB /* cash_addr.h */,
				67B48183231F9237000C6DFB /* chacha20poly1305 */,
				67B48181231F922D000C6DFB /* chacha20poly1305.h */,
				67B48180231F922D000C6DFB /* curves.h */,
				67B48182231F922D000C6DFB /* ecdsa.h */,
				67B48175231F9205000C6DFB /* ed25519-donna */,
				67B48173231F91F0000C6DFB /* ed25519-donna.h */,
				67B48170231F91F0000C6DFB /* ed25519.h */,
				67B4816F231F91F0000C6DFB /* endian.h */,
				67B48171231F91F0000C6DFB /* groestl.h */,
				67B4816E231F91F0000C6DFB /* hasher.h */,
				67B48174231F91F0000C6DFB /* hmac.h */,
				67B48172231F91F0000C6DFB /* memzero.h */,
				67B48167231F90A2000C6DFB /* nano.h */,
				67B48166231F90A2000C6DFB /* nem.h */,
				67B48165231F90A2000C6DFB /* nist256p1.h */,
				67B48163231F90A2000C6DFB /* pbkdf2.h */,
				67B48164231F90A2000C6DFB /* rand.h */,
				67B48161231F90A2000C6DFB /* rc4.h */,
				67B48162231F90A2000C6DFB /* rfc6979.h */,
				67B48150231F8FD1000C6DFB /* ripple */,
				67B48159231F9073000C6DFB /* schnorr.h */,
				67B4815A231F9073000C6DFB /* script.h */,
				67B4815E231F9073000C6DFB /* scrypt.h */,
				67B4815C231F9073000C6DFB /* secp256k1.h */,
				67B4815B231F9073000C6DFB /* sha2.h */,
				67B4815D231F9073000C6DFB /* sha3.h */,
				67B48151231F8FF3000C6DFB /* sodium */,
				67B4814F231F8FC8000C6DFB /* TrezorCrypto.h */,
			);
			name = TrezorCrypto;
			sourceTree = "<group>";
		};
		67B48150231F8FD1000C6DFB /* ripple */ = {
			isa = PBXGroup;
			children = (
				67B4815F231F908D000C6DFB /* base58.h */,
			);
			name = ripple;
			sourceTree = "<group>";
		};
		67B48151231F8FF3000C6DFB /* sodium */ = {
			isa = PBXGroup;
			children = (
				67B48152231F900F000C6DFB /* keypair.h */,
				67B48153231F9018000C6DFB /* private */,
			);
			name = sodium;
			sourceTree = "<group>";
		};
		67B48153231F9018000C6DFB /* private */ = {
			isa = PBXGroup;
			children = (
				67B48154231F9036000C6DFB /* ed25519_ref10_fe_25_5.h */,
				67B48155231F9036000C6DFB /* ed25519_ref10.h */,
				67B48156231F903E000C6DFB /* fe_25_5 */,
			);
			name = private;
			sourceTree = "<group>";
		};
		67B48156231F903E000C6DFB /* fe_25_5 */ = {
			isa = PBXGroup;
			children = (
				67B48157231F9058000C6DFB /* constants.h */,
				67B48158231F9058000C6DFB /* fe.h */,
			);
			name = fe_25_5;
			sourceTree = "<group>";
		};
		67B48175231F9205000C6DFB /* ed25519-donna */ = {
			isa = PBXGroup;
			children = (
				67B48179231F921D000C6DFB /* curve25519-donna-32bit.h */,
				67B4817C231F921D000C6DFB /* curve25519-donna-helpers.h */,
				67B48176231F921D000C6DFB /* ed25519-blake2b.h */,
				67B4817A231F921D000C6DFB /* ed25519-donna-32bit-tables.h */,
				67B4817D231F921D000C6DFB /* ed25519-donna-basepoint-table.h */,
				67B4817B231F921D000C6DFB /* ed25519-donna-impl-base.h */,
				67B48178231F921D000C6DFB /* ed25519-donna-portable.h */,
				67B4817E231F921D000C6DFB /* ed25519-keccak.h */,
				67B48177231F921D000C6DFB /* ed25519-sha3.h */,
				67B4817F231F921E000C6DFB /* modm-donna-32bit.h */,
			);
			name = "ed25519-donna";
			sourceTree = "<group>";
		};
		67B48183231F9237000C6DFB /* chacha20poly1305 */ = {
			isa = PBXGroup;
			children = (
				67B48186231F9248000C6DFB /* ecrypt-config.h */,
				67B48185231F9248000C6DFB /* ecrypt-sync.h */,
				67B48187231F9248000C6DFB /* ecrypt-types.h */,
				67B48184231F9248000C6DFB /* poly1305-donna.h */,
			);
			name = chacha20poly1305;
			sourceTree = "<group>";
		};
		67B48193231F926B000C6DFB /* src */ = {
			isa = PBXGroup;
			children = (
				67B4821B231F9400000C6DFB /* address.c */,
				67B48210231F93DB000C6DFB /* aes */,
				67B481FD231F93D2000C6DFB /* base32.c */,
				67B481FE231F93D2000C6DFB /* base58.c */,
				67B48205231F93D3000C6DFB /* bignum.c */,
				67B48206231F93D3000C6DFB /* bip32.c */,
				67B48202231F93D3000C6DFB /* bip39_english.h */,
				67B481FC231F93D2000C6DFB /* bip39.c */,
				67B481FF231F93D2000C6DFB /* blake2_common.h */,
				67B48200231F93D3000C6DFB /* blake2b.c */,
				67B48201231F93D3000C6DFB /* blake2s.c */,
				67B48203231F93D3000C6DFB /* blake256.c */,
				67B48204231F93D3000C6DFB /* cash_addr.c */,
				67B481EF231F93AA000C6DFB /* chacha20poly1305 */,
				67B481EB231F93A0000C6DFB /* check_mem.h */,
				67B481EA231F93A0000C6DFB /* curves.c */,
				67B481EC231F93A0000C6DFB /* ecdsa.c */,
				67B481CE231F936E000C6DFB /* ed25519-donna */,
				67B481C5231F9365000C6DFB /* groestl_internal.h */,
				67B481C7231F9365000C6DFB /* groestl.c */,
				67B481C6231F9365000C6DFB /* hasher.c */,
				67B481C9231F9365000C6DFB /* hmac.c */,
				67B481C8231F9365000C6DFB /* memzero.c */,
				67B481B4231F9331000C6DFB /* nano.c */,
				67B481B2231F9331000C6DFB /* nem.c */,
				67B481B1231F9331000C6DFB /* nist256p1.c */,
				67B481B0231F9331000C6DFB /* options.h */,
				67B481AE231F9331000C6DFB /* pbkdf2.c */,
				67B481AF231F9331000C6DFB /* rand.c */,
				67B481B3231F9331000C6DFB /* rc4.c */,
				67B481AB231F9303000C6DFB /* ripple */,
				67B481A0231F92F6000C6DFB /* schnorr.c */,
				67B481A4231F92F7000C6DFB /* script.c */,
				67B481A1231F92F6000C6DFB /* scrypt.c */,
				67B481A2231F92F6000C6DFB /* secp256k1.c */,
				67B481A3231F92F7000C6DFB /* sha2.c */,
				67B4819F231F92F6000C6DFB /* sha3.c */,
				67B48194231F928A000C6DFB /* sodium */,
			);
			name = src;
			path = JubSDK/deps/ios;
			sourceTree = "<group>";
		};
		67B48194231F928A000C6DFB /* sodium */ = {
			isa = PBXGroup;
			children = (
				67B4819D231F92D8000C6DFB /* keypair.c */,
				67B48195231F9294000C6DFB /* private */,
			);
			name = sodium;
			sourceTree = "<group>";
		};
		67B48195231F9294000C6DFB /* private */ = {
			isa = PBXGroup;
			children = (
				67B4819A231F92C7000C6DFB /* ed25519_ref10_fe_25_5.c */,
				67B48199231F92C7000C6DFB /* ed25519_ref10.c */,
				67B48196231F929D000C6DFB /* fe_25_5 */,
			);
			name = private;
			sourceTree = "<group>";
		};
		67B48196231F929D000C6DFB /* fe_25_5 */ = {
			isa = PBXGroup;
			children = (
				67B48197231F92B3000C6DFB /* fe.c */,
			);
			name = fe_25_5;
			sourceTree = "<group>";
		};
		67B481AB231F9303000C6DFB /* ripple */ = {
			isa = PBXGroup;
			children = (
				67B481AC231F9315000C6DFB /* base58.c */,
			);
			name = ripple;
			sourceTree = "<group>";
		};
		67B481CE231F936E000C6DFB /* ed25519-donna */ = {
			isa = PBXGroup;
			children = (
				67B481D7231F9380000C6DFB /* curve25519-donna-32bit.c */,
				67B481DC231F9380000C6DFB /* curve25519-donna-helpers.c */,
				67B481DB231F9380000C6DFB /* curve25519-donna-scalarmult-base.c */,
				67B481D1231F9380000C6DFB /* curve25519-donna-scalarmult-base.h */,
				67B481D8231F9380000C6DFB /* ed25519-blake2b.c */,
				67B481D3231F9380000C6DFB /* ed25519-donna-32bit-tables.c */,
				67B481D5231F9380000C6DFB /* ed25519-donna-basepoint-table.c */,
				67B481D2231F9380000C6DFB /* ed25519-donna-impl-base.c */,
				67B481CF231F9380000C6DFB /* ed25519-hash-custom-blake2b.h */,
				67B481D4231F9380000C6DFB /* ed25519-hash-custom-keccak.h */,
				67B481DA231F9380000C6DFB /* ed25519-hash-custom-sha3.h */,
				67B481DE231F9381000C6DFB /* ed25519-hash-custom.h */,
				67B481D6231F9380000C6DFB /* ed25519-keccak.c */,
				67B481DD231F9381000C6DFB /* ed25519-sha3.c */,
				67B481D0231F9380000C6DFB /* ed25519.c */,
				67B481D9231F9380000C6DFB /* modm-donna-32bit.c */,
			);
			name = "ed25519-donna";
			sourceTree = "<group>";
		};
		67B481EF231F93AA000C6DFB /* chacha20poly1305 */ = {
			isa = PBXGroup;
			children = (
				67B481F5231F93BC000C6DFB /* chacha_merged.c */,
				67B481F7231F93BC000C6DFB /* chacha20poly1305.c */,
				67B481F3231F93BC000C6DFB /* ecrypt-machine.h */,
				67B481F6231F93BC000C6DFB /* ecrypt-portable.h */,
				67B481F4231F93BC000C6DFB /* poly1305-donna-32.h */,
				67B481F1231F93BC000C6DFB /* poly1305-donna.c */,
				67B481F2231F93BC000C6DFB /* rfc7539.c */,
				67B481F0231F93BC000C6DFB /* rfc7539.h */,
			);
			name = chacha20poly1305;
			sourceTree = "<group>";
		};
		67B48210231F93DB000C6DFB /* aes */ = {
			isa = PBXGroup;
			children = (
				67B48213231F93ED000C6DFB /* aes_modes.c */,
				67B48214231F93ED000C6DFB /* aescrypt.c */,
				67B48216231F93ED000C6DFB /* aeskey.c */,
				67B48211231F93ED000C6DFB /* aesopt.h */,
				67B48215231F93ED000C6DFB /* aestab.c */,
				67B48212231F93ED000C6DFB /* aestab.h */,
			);
			name = aes;
			sourceTree = "<group>";
		};
		67B9563122DC704400E90AF9 /* airbitz-core */ = {
			isa = PBXGroup;
			children = (
				67B9563222DC705000E90AF9 /* abcd */,
			);
			name = "airbitz-core";
			sourceTree = "<group>";
		};
		67B9563222DC705000E90AF9 /* abcd */ = {
			isa = PBXGroup;
			children = (
				67B9563322DC706300E90AF9 /* util */,
			);
			name = abcd;
			sourceTree = "<group>";
		};
		67B9563322DC706300E90AF9 /* util */ = {
			isa = PBXGroup;
			children = (
				67B9563522DC707600E90AF9 /* Data.cpp */,
				67B9563422DC707500E90AF9 /* Data.hpp */,
			);
			name = util;
			sourceTree = "<group>";
		};
		67B9563722DC73B400E90AF9 /* crypto */ = {
			isa = PBXGroup;
			children = (
				67B9563822DC73C900E90AF9 /* common.h */,
			);
			name = crypto;
			sourceTree = "<group>";
		};
		67B9563922DC75C800E90AF9 /* mSIGNA */ = {
			isa = PBXGroup;
			children = (
				67B9563A22DC75DC00E90AF9 /* stdutils */,
			);
			name = mSIGNA;
			sourceTree = "<group>";
		};
		67B9563A22DC75DC00E90AF9 /* stdutils */ = {
			isa = PBXGroup;
			children = (
				67B9563B22DC75F000E90AF9 /* uchar_vector.h */,
			);
			name = stdutils;
			sourceTree = "<group>";
		};
		67C4B58E22CE18F400F85860 /* bigint */ = {
			isa = PBXGroup;
			children = (
				67C4B5A322CEFB6A00F85860 /* BigInteger.cc */,
				67C4B5AB22CEFB6A00F85860 /* BigInteger.hh */,
				67C4B5A622CEFB6A00F85860 /* BigIntegerAlgorithms.cc */,
				67C4B5A722CEFB6A00F85860 /* BigIntegerAlgorithms.hh */,
				67C4B5A522CEFB6A00F85860 /* BigIntegerLibrary.hh */,
				67C4B5A822CEFB6A00F85860 /* BigIntegerUtils.cc */,
				67C4B5A922CEFB6A00F85860 /* BigIntegerUtils.hh */,
				67C4B5A422CEFB6A00F85860 /* BigUnsigned.cc */,
				67C4B5A122CEFB6900F85860 /* BigUnsigned.hh */,
				67C4B5AA22CEFB6A00F85860 /* BigUnsignedInABase.cc */,
				67C4B5A222CEFB6900F85860 /* BigUnsignedInABase.hh */,
				67C4B5A022CEFB6900F85860 /* NumberlikeArray.hh */,
			);
			name = bigint;
			sourceTree = "<group>";
		};
		EADCCD6A22A7B380008F2EF5 = {
			isa = PBXGroup;
			children = (
				EADCCD7522A7B380008F2EF5 /* JubSDK */,
				EADCCD7422A7B380008F2EF5 /* Products */,
			);
			sourceTree = "<group>";
		};
		EADCCD7422A7B380008F2EF5 /* Products */ = {
			isa = PBXGroup;
			children = (
				EADCCD7322A7B380008F2EF5 /* libJubSDK.a */,
			);
			name = Products;
			sourceTree = "<group>";
		};
		EADCCD7522A7B380008F2EF5 /* JubSDK */ = {
			isa = PBXGroup;
			children = (
				EADCCE0322A7D6BA008F2EF5 /* src */,
				EADCCDDA22A7CCF2008F2EF5 /* include */,
				EADCCDB322A7C1D3008F2EF5 /* deps */,
			);
			path = JubSDK;
			sourceTree = "<group>";
		};
		EADCCDB322A7C1D3008F2EF5 /* deps */ = {
			isa = PBXGroup;
			children = (
				67B9563122DC704400E90AF9 /* airbitz-core */,
				67C4B58E22CE18F400F85860 /* bigint */,
				6723139822D30829005BEFCC /* bitcoin */,
				672313A022D309FC005BEFCC /* bitcoinABC */,
				EADCCDB422A7C1FC008F2EF5 /* ble */,
				6737F3A222CF57C10019DF07 /* libbitcoin */,
				67B9563922DC75C800E90AF9 /* mSIGNA */,
				672452C322E08E4A000CC64D /* panzi */,
				EADCCDB922A7C25D008F2EF5 /* polarssl */,
				67B4814C231F8F92000C6DFB /* trezor-crypto */,
			);
			name = deps;
			path = JubSDK/deps;
			sourceTree = "<group>";
		};
		EADCCDB422A7C1FC008F2EF5 /* ble */ = {
			isa = PBXGroup;
			children = (
				EADCCDB522A7C21B008F2EF5 /* bleTransmit.cpp */,
				EADCCDB722A7C21C008F2EF5 /* bleTransmit.h */,
				EADCCDB622A7C21C008F2EF5 /* bleTransmitF.h */,
			);
			name = ble;
			path = JubSDK/JubSDK/deps/ble;
			sourceTree = "<group>";
		};
		EADCCDB922A7C25D008F2EF5 /* polarssl */ = {
			isa = PBXGroup;
			children = (
				EADCCDBA22A7C25D008F2EF5 /* md_wrap.h */,
				EADCCDBB22A7C25D008F2EF5 /* check_config.h */,
				EADCCDBC22A7C25D008F2EF5 /* md2.h */,
				EADCCDBD22A7C25D008F2EF5 /* md4.c */,
				EADCCDBE22A7C25D008F2EF5 /* ripemd160.h */,
				EADCCDBF22A7C25D008F2EF5 /* config.h */,
				EADCCDC022A7C25D008F2EF5 /* md5.h */,
				EADCCDC122A7C25D008F2EF5 /* sha1.c */,
				EADCCDC222A7C25D008F2EF5 /* sha256.h */,
				EADCCDC322A7C25D008F2EF5 /* platform.c */,
				EADCCDC422A7C25D008F2EF5 /* md.h */,
				EADCCDC522A7C25D008F2EF5 /* sha512.h */,
				EADCCDC622A7C25D008F2EF5 /* ripemd160.c */,
				EADCCDC722A7C25D008F2EF5 /* md4.h */,
				EADCCDC822A7C25D008F2EF5 /* md2.c */,
				EADCCDC922A7C25D008F2EF5 /* md_wrap.c */,
				EADCCDCA22A7C25D008F2EF5 /* sha1.h */,
				EADCCDCB22A7C25D008F2EF5 /* sha256.c */,
				EADCCDCC22A7C25D008F2EF5 /* md5.c */,
				EADCCDCD22A7C25D008F2EF5 /* sha512.c */,
				EADCCDCE22A7C25D008F2EF5 /* md.c */,
				EADCCDCF22A7C25D008F2EF5 /* platform.h */,
			);
			name = polarssl;
			path = ../../../../../deps/polarssl;
			sourceTree = "<group>";
		};
		EADCCDDA22A7CCF2008F2EF5 /* include */ = {
			isa = PBXGroup;
			children = (
				678C1BF622E03D6100D9A4CD /* JUB_SDK_COMM.h */,
				672C960F22DF45660073AB0D /* JUB_SDK_DEV.h */,
				672C961322DF47690073AB0D /* JUB_SDK_DEV_BLE.h */,
				672C961422DF47730073AB0D /* JUB_SDK_DEV_HID.h */,
				EADCCDE722A7CCF2008F2EF5 /* JUB_SDK.h */,
				672C95FC22DF41050073AB0D /* JUB_SDK_BTC.h */,
				672C960222DF42F80073AB0D /* JUB_SDK_ETH.h */,
				EADCCDE122A7CCF2008F2EF5 /* context */,
				EADCCDEE22A7CCF2008F2EF5 /* device */,
				EADCCDDB22A7CCF2008F2EF5 /* token */,
				EADCCDE522A7CCF2008F2EF5 /* libBTC */,
				EADCCDE822A7CCF2008F2EF5 /* libBCH */,
				EADCCDEB22A7CCF2008F2EF5 /* libETH */,
				EADCCDF622A7CCF2008F2EF5 /* utility */,
			);
			name = include;
			path = ../../../include;
			sourceTree = "<group>";
		};
		EADCCDDB22A7CCF2008F2EF5 /* token */ = {
			isa = PBXGroup;
			children = (
				EADCCDDC22A7CCF2008F2EF5 /* interface */,
				EADCCDE022A7CCF2008F2EF5 /* JubiterBLDImpl.h */,
			);
			path = token;
			sourceTree = "<group>";
		};
		EADCCDDC22A7CCF2008F2EF5 /* interface */ = {
			isa = PBXGroup;
			children = (
				EADCCDDD22A7CCF2008F2EF5 /* BTCTokenInterface.hpp */,
				EADCCDDE22A7CCF2008F2EF5 /* ETHTokenInterface.hpp */,
				EADCCDDF22A7CCF2008F2EF5 /* TokenInterface.hpp */,
			);
			path = interface;
			sourceTree = "<group>";
		};
		EADCCDE122A7CCF2008F2EF5 /* context */ = {
			isa = PBXGroup;
			children = (
				EADCCDE322A7CCF2008F2EF5 /* Context.h */,
				EADCCDE222A7CCF2008F2EF5 /* ContextETH.h */,
				EADCCDE422A7CCF2008F2EF5 /* ContextBTC.h */,
				EADCCDFD22A7CCF2008F2EF5 /* xManager.hpp */,
			);
			path = context;
			sourceTree = "<group>";
		};
		EADCCDE522A7CCF2008F2EF5 /* libBTC */ = {
			isa = PBXGroup;
			children = (
				EADCCDE622A7CCF2008F2EF5 /* libBTC.hpp */,
			);
			path = libBTC;
			sourceTree = "<group>";
		};
		EADCCDE822A7CCF2008F2EF5 /* libBCH */ = {
			isa = PBXGroup;
			children = (
				EADCCDE922A7CCF2008F2EF5 /* libBCH.hpp */,
			);
			path = libBCH;
			sourceTree = "<group>";
		};
		EADCCDEB22A7CCF2008F2EF5 /* libETH */ = {
			isa = PBXGroup;
			children = (
				EADCCDED22A7CCF2008F2EF5 /* ERC20Abi.h */,
			);
			path = libETH;
			sourceTree = "<group>";
		};
		EADCCDEE22A7CCF2008F2EF5 /* device */ = {
			isa = PBXGroup;
			children = (
				EADCCDEF22A7CCF2008F2EF5 /* ApduBuilder.hpp */,
				EADCCDF022A7CCF2008F2EF5 /* DeviceIOLogHelper.hpp */,
				EADCCDF122A7CCF2008F2EF5 /* DeviceTypeBase.hpp */,
				EADCCDF322A7CCF2008F2EF5 /* Fido.h */,
				EADCCDF422A7CCF2008F2EF5 /* JubiterHidDevice.hpp */,
				EADCCDF522A7CCF2008F2EF5 /* JubiterBLEDevice.hpp */,
			);
			path = device;
			sourceTree = "<group>";
		};
		EADCCDF622A7CCF2008F2EF5 /* utility */ = {
			isa = PBXGroup;
			children = (
				672313A822D3406D005BEFCC /* util.h */,
				EADCCDF722A7CCF2008F2EF5 /* Apdu.hpp */,
				EADCCDF822A7CCF2008F2EF5 /* Singleton.h */,
				EADCCE0022A7CCF2008F2EF5 /* DataTransfer.hpp */,
			);
			path = utility;
			sourceTree = "<group>";
		};
		EADCCE0322A7D6BA008F2EF5 /* src */ = {
			isa = PBXGroup;
			children = (
				672C960C22DF45300073AB0D /* JUB_SDK_DEV.cpp */,
				672C961022DF46A70073AB0D /* JUB_SDK_DEV_BLE.cpp */,
				672C960922DF44800073AB0D /* JUB_SDK_DEV_HID.cpp */,
				678C1BF722E03DA600D9A4CD /* JUB_SDK_COMM.cpp */,
				672C95F922DF40BA0073AB0D /* JUB_SDK_BTC.cpp */,
				672C960322DF430A0073AB0D /* JUB_SDK_ETH.cpp */,
				EADCCE0922A7D6BA008F2EF5 /* context */,
				EADCCE1322A7D6BA008F2EF5 /* device */,
				EADCCE0422A7D6BA008F2EF5 /* token */,
				67B48146231F8D48000C6DFB /* libBTC */,
				67B48149231F8D66000C6DFB /* libBCH */,
				EADCCE0F22A7D6BA008F2EF5 /* libETH */,
				EADCCE1922A7D6BA008F2EF5 /* utility */,
			);
			name = src;
			path = ../../../src;
			sourceTree = "<group>";
		};
		EADCCE0422A7D6BA008F2EF5 /* token */ = {
			isa = PBXGroup;
			children = (
				EADCCE0522A7D6BA008F2EF5 /* JubiterBLDImplETH.cpp */,
				EADCCE0622A7D6BA008F2EF5 /* JubiterBLDImpl.cpp */,
				EADCCE0722A7D6BA008F2EF5 /* JubiterBLDImplBTC.cpp */,
			);
			path = token;
			sourceTree = "<group>";
		};
		EADCCE0922A7D6BA008F2EF5 /* context */ = {
			isa = PBXGroup;
			children = (
				EADCCE0A22A7D6BA008F2EF5 /* Context.cpp */,
				EADCCE0B22A7D6BA008F2EF5 /* ContextBTC.cpp */,
				EADCCE0C22A7D6BA008F2EF5 /* ContextETH.cpp */,
			);
			path = context;
			sourceTree = "<group>";
		};
		EADCCE0F22A7D6BA008F2EF5 /* libETH */ = {
			isa = PBXGroup;
			children = (
				EADCCE1122A7D6BA008F2EF5 /* ERC20Abi.cpp */,
			);
			path = libETH;
			sourceTree = "<group>";
		};
		EADCCE1322A7D6BA008F2EF5 /* device */ = {
			isa = PBXGroup;
			children = (
				EADCCE1422A7D6BA008F2EF5 /* JubiterHidDevice.cpp */,
				EADCCE1522A7D6BA008F2EF5 /* JubiterBLEDevice.cpp */,
				EADCCE1722A7D6BA008F2EF5 /* ApduBuilder.cpp */,
				EADCCE1822A7D6BA008F2EF5 /* Fido.cpp */,
			);
			path = device;
			sourceTree = "<group>";
		};
		EADCCE1922A7D6BA008F2EF5 /* utility */ = {
			isa = PBXGroup;
			children = (
				EADCCE1A22A7D6BA008F2EF5 /* util.cpp */,
			);
			path = utility;
			sourceTree = "<group>";
		};
/* End PBXGroup section */

/* Begin PBXNativeTarget section */
		EADCCD7222A7B380008F2EF5 /* JubSDK */ = {
			isa = PBXNativeTarget;
			buildConfigurationList = EADCCD7C22A7B380008F2EF5 /* Build configuration list for PBXNativeTarget "JubSDK" */;
			buildPhases = (
				EADCCD6F22A7B380008F2EF5 /* Sources */,
				EADCCD7022A7B380008F2EF5 /* Frameworks */,
				EADCCD7122A7B380008F2EF5 /* CopyFiles */,
			);
			buildRules = (
			);
			dependencies = (
			);
			name = JubSDK;
			productName = JubSDK;
			productReference = EADCCD7322A7B380008F2EF5 /* libJubSDK.a */;
			productType = "com.apple.product-type.library.static";
		};
/* End PBXNativeTarget section */

/* Begin PBXProject section */
		EADCCD6B22A7B380008F2EF5 /* Project object */ = {
			isa = PBXProject;
			attributes = {
				LastUpgradeCheck = 1020;
				ORGANIZATIONNAME = sherlockirene;
				TargetAttributes = {
					EADCCD7222A7B380008F2EF5 = {
						CreatedOnToolsVersion = 10.2.1;
					};
				};
			};
			buildConfigurationList = EADCCD6E22A7B380008F2EF5 /* Build configuration list for PBXProject "JubSDK" */;
			compatibilityVersion = "Xcode 9.3";
			developmentRegion = en;
			hasScannedForEncodings = 0;
			knownRegions = (
				en,
			);
			mainGroup = EADCCD6A22A7B380008F2EF5;
			productRefGroup = EADCCD7422A7B380008F2EF5 /* Products */;
			projectDirPath = "";
			projectRoot = "";
			targets = (
				EADCCD7222A7B380008F2EF5 /* JubSDK */,
			);
		};
/* End PBXProject section */

/* Begin PBXSourcesBuildPhase section */
		EADCCD6F22A7B380008F2EF5 /* Sources */ = {
			isa = PBXSourcesBuildPhase;
			buildActionMask = 2147483647;
			files = (
				67B4821F231F94C1000C6DFB /* segwit_addr.cpp in Sources */,
				67B481CD231F9366000C6DFB /* hmac.c in Sources */,
				67B481B8231F9331000C6DFB /* nem.c in Sources */,
				67C4B5AC22CEFB6A00F85860 /* BigInteger.cc in Sources */,
				67B481E6231F9381000C6DFB /* modm-donna-32bit.c in Sources */,
				67B48218231F93ED000C6DFB /* aescrypt.c in Sources */,
				EADCCE1C22A7D6BA008F2EF5 /* JubiterBLDImpl.cpp in Sources */,
				67B481B7231F9331000C6DFB /* nist256p1.c in Sources */,
				EADCCE2322A7D6BA008F2EF5 /* ERC20Abi.cpp in Sources */,
				67B481E1231F9381000C6DFB /* ed25519-donna-32bit-tables.c in Sources */,
				67B481B6231F9331000C6DFB /* rand.c in Sources */,
				EADCCE2622A7D6BA008F2EF5 /* JubiterBLEDevice.cpp in Sources */,
				67B481B9231F9331000C6DFB /* rc4.c in Sources */,
				EADCCDD922A7C25D008F2EF5 /* md.c in Sources */,
				67B481ED231F93A1000C6DFB /* curves.c in Sources */,
				67B4821A231F93ED000C6DFB /* aeskey.c in Sources */,
				EADCCDD022A7C25D008F2EF5 /* md4.c in Sources */,
				6723139E22D3083F005BEFCC /* base58.cpp in Sources */,
				EADCCE1E22A7D6BA008F2EF5 /* Context.cpp in Sources */,
				67B481FB231F93BC000C6DFB /* chacha20poly1305.c in Sources */,
				EADCCDD422A7C25D008F2EF5 /* md2.c in Sources */,
				67B481A6231F92F7000C6DFB /* schnorr.c in Sources */,
				67B4820E231F93D3000C6DFB /* bignum.c in Sources */,
				EADCCDD322A7C25D008F2EF5 /* ripemd160.c in Sources */,
				67B481A7231F92F7000C6DFB /* scrypt.c in Sources */,
				67B481BA231F9331000C6DFB /* nano.c in Sources */,
				EADCCE2922A7D6BA008F2EF5 /* util.cpp in Sources */,
				67C4B5AE22CEFB6A00F85860 /* BigIntegerAlgorithms.cc in Sources */,
				67B48148231F8D5D000C6DFB /* libBTC.cpp in Sources */,
				67B48217231F93ED000C6DFB /* aes_modes.c in Sources */,
				67B481E0231F9381000C6DFB /* ed25519-donna-impl-base.c in Sources */,
				67B4821C231F9400000C6DFB /* address.c in Sources */,
				67B4820D231F93D3000C6DFB /* cash_addr.c in Sources */,
				672C960E22DF45300073AB0D /* JUB_SDK_DEV.cpp in Sources */,
				67B481E3231F9381000C6DFB /* ed25519-keccak.c in Sources */,
				67B4820C231F93D3000C6DFB /* blake256.c in Sources */,
				EADCCE2722A7D6BA008F2EF5 /* ApduBuilder.cpp in Sources */,
				67B481CC231F9366000C6DFB /* memzero.c in Sources */,
				67B48208231F93D3000C6DFB /* base32.c in Sources */,
				678C1BF822E03DA700D9A4CD /* JUB_SDK_COMM.cpp in Sources */,
				67B481E7231F9381000C6DFB /* curve25519-donna-scalarmult-base.c in Sources */,
				EADCCDD522A7C25D008F2EF5 /* md_wrap.c in Sources */,
				67B481E2231F9381000C6DFB /* ed25519-donna-basepoint-table.c in Sources */,
				EADCCDB822A7C21C008F2EF5 /* bleTransmit.cpp in Sources */,
				67B481CA231F9366000C6DFB /* hasher.c in Sources */,
				67C4B5AF22CEFB6A00F85860 /* BigIntegerUtils.cc in Sources */,
				67B4819E231F92D8000C6DFB /* keypair.c in Sources */,
				67B48207231F93D3000C6DFB /* bip39.c in Sources */,
				67B481E4231F9381000C6DFB /* curve25519-donna-32bit.c in Sources */,
				EADCCE2022A7D6BA008F2EF5 /* ContextETH.cpp in Sources */,
				67C4B5AD22CEFB6A00F85860 /* BigUnsigned.cc in Sources */,
				67B48209231F93D3000C6DFB /* base58.c in Sources */,
				67B481DF231F9381000C6DFB /* ed25519.c in Sources */,
				67B481FA231F93BC000C6DFB /* chacha_merged.c in Sources */,
				67B481F8231F93BC000C6DFB /* poly1305-donna.c in Sources */,
				EADCCDD622A7C25D008F2EF5 /* sha256.c in Sources */,
				67B4819B231F92C7000C6DFB /* ed25519_ref10.c in Sources */,
				EADCCDD722A7C25D008F2EF5 /* md5.c in Sources */,
				67B481E8231F9381000C6DFB /* curve25519-donna-helpers.c in Sources */,
				67C4B5B022CEFB6A00F85860 /* BigUnsignedInABase.cc in Sources */,
				EADCCE1B22A7D6BA008F2EF5 /* JubiterBLDImplETH.cpp in Sources */,
				67B481AD231F9315000C6DFB /* base58.c in Sources */,
				6723139F22D3083F005BEFCC /* bech32.cpp in Sources */,
				67B481AA231F92F7000C6DFB /* script.c in Sources */,
				67B4820A231F93D3000C6DFB /* blake2b.c in Sources */,
				672C961222DF46A70073AB0D /* JUB_SDK_DEV_BLE.cpp in Sources */,
				67B481EE231F93A1000C6DFB /* ecdsa.c in Sources */,
				EADCCE1D22A7D6BA008F2EF5 /* JubiterBLDImplBTC.cpp in Sources */,
				67B481A8231F92F7000C6DFB /* secp256k1.c in Sources */,
				67B4819C231F92C7000C6DFB /* ed25519_ref10_fe_25_5.c in Sources */,
				EADCCDD222A7C25D008F2EF5 /* platform.c in Sources */,
				67B481F9231F93BC000C6DFB /* rfc7539.c in Sources */,
				EADCCE2822A7D6BA008F2EF5 /* Fido.cpp in Sources */,
				67B481CB231F9366000C6DFB /* groestl.c in Sources */,
				67B481B5231F9331000C6DFB /* pbkdf2.c in Sources */,
				67B4820B231F93D3000C6DFB /* blake2s.c in Sources */,
				672C95FB22DF40BA0073AB0D /* JUB_SDK_BTC.cpp in Sources */,
				67B4814B231F8D76000C6DFB /* libBCH.cpp in Sources */,
				EADCCE2522A7D6BA008F2EF5 /* JubiterHidDevice.cpp in Sources */,
				EADCCE1F22A7D6BA008F2EF5 /* ContextBTC.cpp in Sources */,
				67B48219231F93ED000C6DFB /* aestab.c in Sources */,
				67B481A9231F92F7000C6DFB /* sha2.c in Sources */,
				672313A322D30A12005BEFCC /* cashaddr.cc in Sources */,
				672C960422DF430A0073AB0D /* JUB_SDK_ETH.cpp in Sources */,
				67B481E5231F9381000C6DFB /* ed25519-blake2b.c in Sources */,
				67B4820F231F93D3000C6DFB /* bip32.c in Sources */,
				EADCCDD122A7C25D008F2EF5 /* sha1.c in Sources */,
				67B481A5231F92F7000C6DFB /* sha3.c in Sources */,
				672C960B22DF44800073AB0D /* JUB_SDK_DEV_HID.cpp in Sources */,
				67B48198231F92B4000C6DFB /* fe.c in Sources */,
				67B9563622DC707600E90AF9 /* Data.cpp in Sources */,
				67B481E9231F9381000C6DFB /* ed25519-sha3.c in Sources */,
				EADCCDD822A7C25D008F2EF5 /* sha512.c in Sources */,
			);
			runOnlyForDeploymentPostprocessing = 0;
		};
/* End PBXSourcesBuildPhase section */

/* Begin XCBuildConfiguration section */
		EADCCD7A22A7B380008F2EF5 /* Debug */ = {
			isa = XCBuildConfiguration;
			buildSettings = {
				ALWAYS_SEARCH_USER_PATHS = NO;
				CLANG_ANALYZER_NONNULL = YES;
				CLANG_ANALYZER_NUMBER_OBJECT_CONVERSION = YES_AGGRESSIVE;
				CLANG_CXX_LANGUAGE_STANDARD = "gnu++0x";
				CLANG_CXX_LIBRARY = "libc++";
				CLANG_ENABLE_MODULES = YES;
				CLANG_ENABLE_OBJC_ARC = YES;
				CLANG_ENABLE_OBJC_WEAK = YES;
				CLANG_WARN_BLOCK_CAPTURE_AUTORELEASING = YES;
				CLANG_WARN_BOOL_CONVERSION = YES;
				CLANG_WARN_COMMA = YES;
				CLANG_WARN_CONSTANT_CONVERSION = YES;
				CLANG_WARN_DEPRECATED_OBJC_IMPLEMENTATIONS = YES;
				CLANG_WARN_DIRECT_OBJC_ISA_USAGE = YES_ERROR;
				CLANG_WARN_DOCUMENTATION_COMMENTS = YES;
				CLANG_WARN_EMPTY_BODY = YES;
				CLANG_WARN_ENUM_CONVERSION = YES;
				CLANG_WARN_INFINITE_RECURSION = YES;
				CLANG_WARN_INT_CONVERSION = YES;
				CLANG_WARN_NON_LITERAL_NULL_CONVERSION = YES;
				CLANG_WARN_OBJC_IMPLICIT_RETAIN_SELF = YES;
				CLANG_WARN_OBJC_LITERAL_CONVERSION = YES;
				CLANG_WARN_OBJC_ROOT_CLASS = YES_ERROR;
				CLANG_WARN_RANGE_LOOP_ANALYSIS = YES;
				CLANG_WARN_STRICT_PROTOTYPES = YES;
				CLANG_WARN_SUSPICIOUS_MOVE = YES;
				CLANG_WARN_UNGUARDED_AVAILABILITY = YES_AGGRESSIVE;
				CLANG_WARN_UNREACHABLE_CODE = YES;
				CLANG_WARN__DUPLICATE_METHOD_MATCH = YES;
				CODE_SIGN_IDENTITY = "iPhone Developer";
				COPY_PHASE_STRIP = NO;
				DEBUG_INFORMATION_FORMAT = dwarf;
				ENABLE_STRICT_OBJC_MSGSEND = YES;
				ENABLE_TESTABILITY = YES;
				GCC_C_LANGUAGE_STANDARD = gnu11;
				GCC_DYNAMIC_NO_PIC = NO;
				GCC_NO_COMMON_BLOCKS = YES;
				GCC_OPTIMIZATION_LEVEL = 0;
				GCC_PREPROCESSOR_DEFINITIONS = TARGET_OS_IPHONE;
				GCC_WARN_64_TO_32_BIT_CONVERSION = YES;
				GCC_WARN_ABOUT_RETURN_TYPE = YES_ERROR;
				GCC_WARN_UNDECLARED_SELECTOR = YES;
				GCC_WARN_UNINITIALIZED_AUTOS = YES_AGGRESSIVE;
				GCC_WARN_UNUSED_FUNCTION = YES;
				GCC_WARN_UNUSED_VARIABLE = YES;
				IPHONEOS_DEPLOYMENT_TARGET = 11.0;
				MTL_ENABLE_DEBUG_INFO = INCLUDE_SOURCE;
				MTL_FAST_MATH = YES;
				ONLY_ACTIVE_ARCH = YES;
				SDKROOT = iphoneos;
			};
			name = Debug;
		};
		EADCCD7B22A7B380008F2EF5 /* Release */ = {
			isa = XCBuildConfiguration;
			buildSettings = {
				ALWAYS_SEARCH_USER_PATHS = NO;
				CLANG_ANALYZER_NONNULL = YES;
				CLANG_ANALYZER_NUMBER_OBJECT_CONVERSION = YES_AGGRESSIVE;
				CLANG_CXX_LANGUAGE_STANDARD = "gnu++0x";
				CLANG_CXX_LIBRARY = "libc++";
				CLANG_ENABLE_MODULES = YES;
				CLANG_ENABLE_OBJC_ARC = YES;
				CLANG_ENABLE_OBJC_WEAK = YES;
				CLANG_WARN_BLOCK_CAPTURE_AUTORELEASING = YES;
				CLANG_WARN_BOOL_CONVERSION = YES;
				CLANG_WARN_COMMA = YES;
				CLANG_WARN_CONSTANT_CONVERSION = YES;
				CLANG_WARN_DEPRECATED_OBJC_IMPLEMENTATIONS = YES;
				CLANG_WARN_DIRECT_OBJC_ISA_USAGE = YES_ERROR;
				CLANG_WARN_DOCUMENTATION_COMMENTS = YES;
				CLANG_WARN_EMPTY_BODY = YES;
				CLANG_WARN_ENUM_CONVERSION = YES;
				CLANG_WARN_INFINITE_RECURSION = YES;
				CLANG_WARN_INT_CONVERSION = YES;
				CLANG_WARN_NON_LITERAL_NULL_CONVERSION = YES;
				CLANG_WARN_OBJC_IMPLICIT_RETAIN_SELF = YES;
				CLANG_WARN_OBJC_LITERAL_CONVERSION = YES;
				CLANG_WARN_OBJC_ROOT_CLASS = YES_ERROR;
				CLANG_WARN_RANGE_LOOP_ANALYSIS = YES;
				CLANG_WARN_STRICT_PROTOTYPES = YES;
				CLANG_WARN_SUSPICIOUS_MOVE = YES;
				CLANG_WARN_UNGUARDED_AVAILABILITY = YES_AGGRESSIVE;
				CLANG_WARN_UNREACHABLE_CODE = YES;
				CLANG_WARN__DUPLICATE_METHOD_MATCH = YES;
				CODE_SIGN_IDENTITY = "iPhone Developer";
				COPY_PHASE_STRIP = NO;
				DEBUG_INFORMATION_FORMAT = "dwarf-with-dsym";
				ENABLE_NS_ASSERTIONS = NO;
				ENABLE_STRICT_OBJC_MSGSEND = YES;
				GCC_C_LANGUAGE_STANDARD = gnu11;
				GCC_NO_COMMON_BLOCKS = YES;
				GCC_PREPROCESSOR_DEFINITIONS = TARGET_OS_IPHONE;
				GCC_WARN_64_TO_32_BIT_CONVERSION = YES;
				GCC_WARN_ABOUT_RETURN_TYPE = YES_ERROR;
				GCC_WARN_UNDECLARED_SELECTOR = YES;
				GCC_WARN_UNINITIALIZED_AUTOS = YES_AGGRESSIVE;
				GCC_WARN_UNUSED_FUNCTION = YES;
				GCC_WARN_UNUSED_VARIABLE = YES;
				IPHONEOS_DEPLOYMENT_TARGET = 11.0;
				MTL_ENABLE_DEBUG_INFO = NO;
				MTL_FAST_MATH = YES;
				SDKROOT = iphoneos;
				VALIDATE_PRODUCT = YES;
			};
			name = Release;
		};
		EADCCD7D22A7B380008F2EF5 /* Debug */ = {
			isa = XCBuildConfiguration;
			buildSettings = {
				CLANG_CXX_LANGUAGE_STANDARD = "gnu++0x";
				CODE_SIGN_STYLE = Automatic;
				DEVELOPMENT_TEAM = MD27BY8JFU;
				GCC_PREPROCESSOR_DEFINITIONS = TARGET_OS_IPHONE;
				HEADER_SEARCH_PATHS = (
					../../include,
					../../deps/bitcoin,
					../../deps/bleTransmit,
					../../deps/bleTransmit/ios,
					../../deps/libbitcoin,
					"../../deps/trezor-crypto/include",
					../../deps/,
				);
				LIBRARY_SEARCH_PATHS = "";
				OTHER_LDFLAGS = "-ObjC";
				PRODUCT_NAME = "$(TARGET_NAME)";
				SDKROOT = iphoneos;
				SKIP_INSTALL = YES;
				TARGETED_DEVICE_FAMILY = "1,2";
			};
			name = Debug;
		};
		EADCCD7E22A7B380008F2EF5 /* Release */ = {
			isa = XCBuildConfiguration;
			buildSettings = {
				CLANG_CXX_LANGUAGE_STANDARD = "gnu++0x";
				CODE_SIGN_STYLE = Automatic;
				DEVELOPMENT_TEAM = MD27BY8JFU;
				GCC_PREPROCESSOR_DEFINITIONS = TARGET_OS_IPHONE;
				HEADER_SEARCH_PATHS = (
					../../include,
					../../deps/bitcoin,
					../../deps/bleTransmit,
					../../deps/bleTransmit/ios,
					../../deps/libbitcoin,
					"../../deps/trezor-crypto/include",
					../../deps/,
				);
				LIBRARY_SEARCH_PATHS = "";
				OTHER_LDFLAGS = "-ObjC";
				PRODUCT_NAME = "$(TARGET_NAME)";
				SDKROOT = iphoneos;
				SKIP_INSTALL = YES;
				TARGETED_DEVICE_FAMILY = "1,2";
			};
			name = Release;
		};
/* End XCBuildConfiguration section */

/* Begin XCConfigurationList section */
		EADCCD6E22A7B380008F2EF5 /* Build configuration list for PBXProject "JubSDK" */ = {
			isa = XCConfigurationList;
			buildConfigurations = (
				EADCCD7A22A7B380008F2EF5 /* Debug */,
				EADCCD7B22A7B380008F2EF5 /* Release */,
			);
			defaultConfigurationIsVisible = 0;
			defaultConfigurationName = Release;
		};
		EADCCD7C22A7B380008F2EF5 /* Build configuration list for PBXNativeTarget "JubSDK" */ = {
			isa = XCConfigurationList;
			buildConfigurations = (
				EADCCD7D22A7B380008F2EF5 /* Debug */,
				EADCCD7E22A7B380008F2EF5 /* Release */,
			);
			defaultConfigurationIsVisible = 0;
			defaultConfigurationName = Release;
		};
/* End XCConfigurationList section */
	};
	rootObject = EADCCD6B22A7B380008F2EF5 /* Project object */;
}
